<?xml version="1.0" encoding="utf-8"?>
<Project ToolsVersion="4.0" xmlns="http://schemas.microsoft.com/developer/msbuild/2003">
  <ItemGroup>
    <Filter Include="Generated Files">
      <UniqueIdentifier>{71ED8ED8-ACB9-4CE9-BBE1-E00B30144E11}</UniqueIdentifier>
      <Extensions>cpp;c;cxx;moc;h;def;odl;idl;res;</Extensions>
    </Filter>
    <Filter Include="Generated Files">
      <UniqueIdentifier>{71ED8ED8-ACB9-4CE9-BBE1-E00B30144E11}</UniqueIdentifier>
      <Extensions>cpp;c;cxx;moc;h;def;odl;idl;res;</Extensions>
    </Filter>
    <Filter Include="Header Files">
      <UniqueIdentifier>{93995380-89BD-4b04-88EB-625FBE52EBFB}</UniqueIdentifier>
      <Extensions>h;hpp;hxx;hm;inl;inc;xsd</Extensions>
    </Filter>
    <Filter Include="Header Files">
      <UniqueIdentifier>{93995380-89BD-4b04-88EB-625FBE52EBFB}</UniqueIdentifier>
      <Extensions>h;hpp;hxx;hm;inl;inc;xsd</Extensions>
    </Filter>
    <Filter Include="Resource Files">
      <UniqueIdentifier>{D9D6E242-F8AF-46E4-B9FD-80ECBC20BA3E}</UniqueIdentifier>
      <Extensions>qrc;*</Extensions>
      <ParseFiles>false</ParseFiles>
    </Filter>
    <Filter Include="Resource Files">
      <UniqueIdentifier>{D9D6E242-F8AF-46E4-B9FD-80ECBC20BA3E}</UniqueIdentifier>
      <Extensions>qrc;*</Extensions>
      <ParseFiles>false</ParseFiles>
    </Filter>
    <Filter Include="Source Files">
      <UniqueIdentifier>{4FC737F1-C7A5-4376-A066-2A32D752A2FF}</UniqueIdentifier>
      <Extensions>cpp;c;cxx;def;odl;idl;hpj;bat;asm;asmx</Extensions>
    </Filter>
    <Filter Include="Source Files">
      <UniqueIdentifier>{4FC737F1-C7A5-4376-A066-2A32D752A2FF}</UniqueIdentifier>
      <Extensions>cpp;c;cxx;def;odl;idl;hpj;bat;asm;asmx</Extensions>
    </Filter>
  </ItemGroup>
  <ItemGroup>
    <ClCompile Include="..\src\AuthorizeWebviewBase.cpp">
      <Filter>Source Files</Filter>
    </ClCompile>
    <ClCompile Include="..\src\FaceBookAuthorizeWebview.cpp">
      <Filter>Source Files</Filter>
    </ClCompile>
    <ClCompile Include="..\src\FacebookShare.cpp">
      <Filter>Source Files</Filter>
    </ClCompile>
    <ClCompile Include="..\src\FacebookShareObject.cpp">
      <Filter>Source Files</Filter>
    </ClCompile>
    <ClCompile Include="..\src\FlickrAuthorizeWebview.cpp">
      <Filter>Source Files</Filter>
    </ClCompile>
    <ClCompile Include="..\src\FlickrShare.cpp">
      <Filter>Source Files</Filter>
    </ClCompile>
    <ClCompile Include="..\src\FlickrShareObject.cpp">
      <Filter>Source Files</Filter>
    </ClCompile>
    <ClCompile Include="..\src\IWebviewStyle.cpp">
      <Filter>Source Files</Filter>
    </ClCompile>
    <ClCompile Include="..\src\NetworkReplyTempObjManager.cpp">
      <Filter>Source Files</Filter>
    </ClCompile>
    <ClCompile Include="..\src\ShareFrameBase.cpp">
      <Filter>Source Files</Filter>
    </ClCompile>
    <ClCompile Include="..\src\SharePublicFuncDefine.cpp">
      <Filter>Source Files</Filter>
    </ClCompile>
    <ClCompile Include="..\src\ShareStructDefine.cpp">
      <Filter>Source Files</Filter>
    </ClCompile>
    <ClCompile Include="..\src\TwitterAuthorizeWebview.cpp">
      <Filter>Source Files</Filter>
    </ClCompile>
    <ClCompile Include="..\src\TwitterShare.cpp">
      <Filter>Source Files</Filter>
    </ClCompile>
    <ClCompile Include="..\src\TwitterShareObject.cpp">
      <Filter>Source Files</Filter>
    </ClCompile>
    <ClCompile Include="..\src\WebviewContainer.cpp">
      <Filter>Source Files</Filter>
    </ClCompile>
  </ItemGroup>
  <ItemGroup>
    <CustomBuild Include="..\src\AuthorizeWebviewBase.h">
      <Filter>Header Files</Filter>
    </CustomBuild>
    <CustomBuild Include="..\src\FaceBookAuthorizeWebview.h">
      <Filter>Header Files</Filter>
    </CustomBuild>
    <CustomBuild Include="..\Include\FacebookShare.h">
      <Filter>Header Files</Filter>
    </CustomBuild>
    <CustomBuild Include="..\src\FacebookShareObject.h">
      <Filter>Header Files</Filter>
    </CustomBuild>
    <CustomBuild Include="..\src\FlickrAuthorizeWebview.h">
      <Filter>Header Files</Filter>
    </CustomBuild>
    <CustomBuild Include="..\Include\FlickrShare.h">
      <Filter>Header Files</Filter>
    </CustomBuild>
    <CustomBuild Include="..\src\FlickrShareObject.h">
      <Filter>Header Files</Filter>
    </CustomBuild>
    <ClInclude Include="..\Include\IWebviewContainer.h">
      <Filter>Header Files</Filter>
    </ClInclude>
    <ClInclude Include="..\Include\IWebviewStyle.h">
      <Filter>Header Files</Filter>
    </ClInclude>
    <CustomBuild Include="..\Include\NetworkReplyTempObjManager.h">
      <Filter>Header Files</Filter>
    </CustomBuild>
    <CustomBuild Include="..\Include\ShareFrameBase.h">
      <Filter>Header Files</Filter>
    </CustomBuild>
    <ClInclude Include="..\Include\ShareMacroDefine.h">
      <Filter>Header Files</Filter>
    </ClInclude>
    <ClInclude Include="..\Include\SharePublicFuncDefine.h">
      <Filter>Header Files</Filter>
    </ClInclude>
    <ClInclude Include="..\Include\ShareStructDefine.h">
      <Filter>Header Files</Filter>
    </ClInclude>
    <CustomBuild Include="..\src\TwitterAuthorizeWebview.h">
      <Filter>Header Files</Filter>
    </CustomBuild>
    <CustomBuild Include="..\Include\TwitterShare.h">
      <Filter>Header Files</Filter>
    </CustomBuild>
    <CustomBuild Include="..\src\TwitterShareObject.h">
      <Filter>Header Files</Filter>
    </CustomBuild>
    <CustomBuild Include="..\Include\WebviewContainer.h">
      <Filter>Header Files</Filter>
    </CustomBuild>
    <ClInclude Include="..\src\call_once.h">
      <Filter>Header Files</Filter>
    </ClInclude>
    <ClInclude Include="..\src\qsingleton.h">
      <Filter>Header Files</Filter>
    </ClInclude>
  </ItemGroup>
  <ItemGroup>
    <ClCompile Include="..\temp\GeneratedFiles\moc_AuthorizeWebviewBase.cpp">
      <Filter>Generated Files</Filter>
    </ClCompile>
    <ClCompile Include="..\temp\GeneratedFiles\moc_FaceBookAuthorizeWebview.cpp">
      <Filter>Generated Files</Filter>
    </ClCompile>
    <ClCompile Include="..\temp\GeneratedFiles\moc_FacebookShare.cpp">
      <Filter>Generated Files</Filter>
    </ClCompile>
    <ClCompile Include="..\temp\GeneratedFiles\moc_FacebookShareObject.cpp">
      <Filter>Generated Files</Filter>
    </ClCompile>
    <ClCompile Include="..\temp\GeneratedFiles\moc_FlickrAuthorizeWebview.cpp">
      <Filter>Generated Files</Filter>
    </ClCompile>
    <ClCompile Include="..\temp\GeneratedFiles\moc_FlickrShare.cpp">
      <Filter>Generated Files</Filter>
    </ClCompile>
    <ClCompile Include="..\temp\GeneratedFiles\moc_FlickrShareObject.cpp">
      <Filter>Generated Files</Filter>
    </ClCompile>
    <ClCompile Include="..\temp\GeneratedFiles\moc_NetworkReplyTempObjManager.cpp">
      <Filter>Generated Files</Filter>
    </ClCompile>
    <ClCompile Include="..\temp\GeneratedFiles\moc_ShareFrameBase.cpp">
      <Filter>Generated Files</Filter>
    </ClCompile>
    <ClCompile Include="..\temp\GeneratedFiles\moc_TwitterAuthorizeWebview.cpp">
      <Filter>Generated Files</Filter>
    </ClCompile>
    <ClCompile Include="..\temp\GeneratedFiles\moc_TwitterShare.cpp">
      <Filter>Generated Files</Filter>
    </ClCompile>
    <ClCompile Include="..\temp\GeneratedFiles\moc_TwitterShareObject.cpp">
      <Filter>Generated Files</Filter>
    </ClCompile>
    <ClCompile Include="..\temp\GeneratedFiles\moc_WebviewContainer.cpp">
      <Filter>Generated Files</Filter>
    </ClCompile>
    <ClCompile Include="..\temp\GeneratedFiles\qrc_shareimages.cpp">
      <Filter>Generated Files</Filter>
    </ClCompile>
  </ItemGroup>
  <ItemGroup>
    <None Include="..\Resources\failed.png">
      <Filter>Resource Files</Filter>
    </None>
    <CustomBuild Include="..\shareimages.qrc">
      <Filter>Resource Files</Filter>
    </CustomBuild>
    <None Include="..\Resources\success.png">
      <Filter>Resource Files</Filter>
    </None>
    <None Include="..\Resources\waiting.png">
      <Filter>Resource Files</Filter>
    </None>
  </ItemGroup>
</Project>