// !$*UTF8*$!
{
	archiveVersion = 1;
	classes = {
	};
	objectVersion = 46;
	objects = {

/* Begin PBXAggregateTarget section */
		090AE8792606FBE987762C9B /* Qt Preprocess */ = {
			isa = PBXAggregateTarget;
			buildConfigurationList = 6CC3B5D2136C7CD6A5CF5A59 /* Build configuration list for PBXNativeTarget "ShareLib" */;
			buildPhases = (
				5E618435888B9D49F8540165 /* Qt Qmake */,
				7EF0942E79C014DCEC8976BC /* Qt Preprocessors */,
			);
			dependencies = (
			);
			name = "Qt Preprocess";
			productName = "Qt Preprocess";
		};
/* End PBXAggregateTarget section */

/* Begin PBXBuildFile section */
		16CD23CED8C6FB45582FB943 /* moc_FlickrShareObject.cpp in Compile Sources */ = {isa = PBXBuildFile; fileRef = BC384552213BFCC0457FDBCF /* moc_FlickrShareObject.cpp */; settings = {ATTRIBUTES = (); }; };
		1E7EEAE75D76657139667813 /* ShareStructDefine.cpp in Compile Sources */ = {isa = PBXBuildFile; fileRef = 86B7D24A6195CF6B3341718A /* ShareStructDefine.cpp */; settings = {ATTRIBUTES = (); }; };
		216AF9B45B53374B87C30A0F /* moc_WebviewContainer.cpp in Compile Sources */ = {isa = PBXBuildFile; fileRef = F0BFE7B1847849334245BED9 /* moc_WebviewContainer.cpp */; settings = {ATTRIBUTES = (); }; };
		30362035FDD538DE9EA08FAA /* moc_AuthorizeWebviewBase.cpp in Compile Sources */ = {isa = PBXBuildFile; fileRef = 305A776BADF02FE6D00B46C5 /* moc_AuthorizeWebviewBase.cpp */; settings = {ATTRIBUTES = (); }; };
		4355C51216873FF82DFACB4E /* FacebookShareObject.cpp in Compile Sources */ = {isa = PBXBuildFile; fileRef = 57347C50CFE1D9C30F5DD554 /* FacebookShareObject.cpp */; settings = {ATTRIBUTES = (); }; };
		48419C6EA95E5011D69B604F /* FlickrShare.cpp in Compile Sources */ = {isa = PBXBuildFile; fileRef = 8A51F488A36E45E60489F644 /* FlickrShare.cpp */; settings = {ATTRIBUTES = (); }; };
		5305FF800603DB09282430B5 /* moc_ShareFrameBase.cpp in Compile Sources */ = {isa = PBXBuildFile; fileRef = 366C2235A60C5BB74BECD25B /* moc_ShareFrameBase.cpp */; settings = {ATTRIBUTES = (); }; };
		57BB02A097D489B471D91EE8 /* TwitterShareObject.cpp in Compile Sources */ = {isa = PBXBuildFile; fileRef = 682E643BC1CF1FAB40AEAD8F /* TwitterShareObject.cpp */; settings = {ATTRIBUTES = (); }; };
		5A0D499E63EC4727A47C64A5 /* TwitterAuthorizeWebview.cpp in Compile Sources */ = {isa = PBXBuildFile; fileRef = EE60E4AA0DF357A7934C61CB /* TwitterAuthorizeWebview.cpp */; settings = {ATTRIBUTES = (); }; };
		5CE23C3FB31B5E5301F3F310 /* FlickrShareObject.cpp in Compile Sources */ = {isa = PBXBuildFile; fileRef = F3114297970D6406B575BA2E /* FlickrShareObject.cpp */; settings = {ATTRIBUTES = (); }; };
		608C8FA815797CAE54A5ED2E /* moc_FaceBookAuthorizeWebview.cpp in Compile Sources */ = {isa = PBXBuildFile; fileRef = 022A60EB7FE75BF2801470BE /* moc_FaceBookAuthorizeWebview.cpp */; settings = {ATTRIBUTES = (); }; };
		68CE8254918E1EF2F2BEF2D1 /* moc_TwitterAuthorizeWebview.cpp in Compile Sources */ = {isa = PBXBuildFile; fileRef = D12BB5202E3259194704AB9C /* moc_TwitterAuthorizeWebview.cpp */; settings = {ATTRIBUTES = (); }; };
		6B89482AA93486B8D31DA0C6 /* FlickrAuthorizeWebview.cpp in Compile Sources */ = {isa = PBXBuildFile; fileRef = 3F52C78AE34C05CF97FE065D /* FlickrAuthorizeWebview.cpp */; settings = {ATTRIBUTES = (); }; };
		6F63AA989540FA7D30A89C35 /* moc_TwitterShareObject.cpp in Compile Sources */ = {isa = PBXBuildFile; fileRef = F6982BB2B8519675DEFB97C5 /* moc_TwitterShareObject.cpp */; settings = {ATTRIBUTES = (); }; };
		8D799397C29947929FAE0407 /* IWebviewStyle.cpp in Compile Sources */ = {isa = PBXBuildFile; fileRef = 738C233F8E98C33A9BFB10F3 /* IWebviewStyle.cpp */; settings = {ATTRIBUTES = (); }; };
		91F12C701EC9FAF03B953055 /* FacebookShare.cpp in Compile Sources */ = {isa = PBXBuildFile; fileRef = 44B76498D21DAC355ABBC7A6 /* FacebookShare.cpp */; settings = {ATTRIBUTES = (); }; };
		9436BDB411A37DC5E9345CB4 /* qrc_shareimages.cpp in Compile Sources */ = {isa = PBXBuildFile; fileRef = CA980F4DF7BDAA0FB75F0A75 /* qrc_shareimages.cpp */; settings = {ATTRIBUTES = (); }; };
		9D468EF75F1AD0D7FFDBAF5E /* AuthorizeWebviewBase.cpp in Compile Sources */ = {isa = PBXBuildFile; fileRef = 31E79178E719916B95D05109 /* AuthorizeWebviewBase.cpp */; settings = {ATTRIBUTES = (); }; };
		9FBC21222493ACD2D2829021 /* NetworkReplyTempObjManager.cpp in Compile Sources */ = {isa = PBXBuildFile; fileRef = 5E4AB5CAEE2A2781F636735B /* NetworkReplyTempObjManager.cpp */; settings = {ATTRIBUTES = (); }; };
		A41E06490581F6B06C5AC4BC /* moc_TwitterShare.cpp in Compile Sources */ = {isa = PBXBuildFile; fileRef = 078EEF3C22377CDF1C8B5C11 /* moc_TwitterShare.cpp */; settings = {ATTRIBUTES = (); }; };
		AB8DC46DB3EC778BB7D8A831 /* CNotifyWebView.mm in Compile Sources */ = {isa = PBXBuildFile; fileRef = 48509C8581E3ADFE271D9EDD /* CNotifyWebView.mm */; settings = {ATTRIBUTES = (); }; };
		ACB377B7B7A85D6F4EE68170 /* moc_NetworkReplyTempObjManager.cpp in Compile Sources */ = {isa = PBXBuildFile; fileRef = A2C3B802801B2942A6FE4CB5 /* moc_NetworkReplyTempObjManager.cpp */; settings = {ATTRIBUTES = (); }; };
		B5D784DC5210EC963BC42B6B /* WebviewContainer.mm in Compile Sources */ = {isa = PBXBuildFile; fileRef = DD47C5D4E629EA1B9CABB9D8 /* WebviewContainer.mm */; settings = {ATTRIBUTES = (); }; };
		C4EF5F1ABF2D51F649504B7E /* FaceBookAuthorizeWebview.cpp in Compile Sources */ = {isa = PBXBuildFile; fileRef = CDAC3FB5A3257AB2D1A1D9B9 /* FaceBookAuthorizeWebview.cpp */; settings = {ATTRIBUTES = (); }; };
		C610592C53BE568016B76636 /* moc_FacebookShare.cpp in Compile Sources */ = {isa = PBXBuildFile; fileRef = 6BC816C602F6ABCDC7CF26AF /* moc_FacebookShare.cpp */; settings = {ATTRIBUTES = (); }; };
		CAFC76850B8D6B7AEB87350E /* SharePublicFuncDefine.cpp in Compile Sources */ = {isa = PBXBuildFile; fileRef = 29C40803D3923149755A8FA5 /* SharePublicFuncDefine.cpp */; settings = {ATTRIBUTES = (); }; };
		CDE476C2339C92801CC5E172 /* moc_FlickrShare.cpp in Compile Sources */ = {isa = PBXBuildFile; fileRef = 9BD53B2DD869ACF0030D7DDD /* moc_FlickrShare.cpp */; settings = {ATTRIBUTES = (); }; };
		D5DD6C8186EF40C5CFBBFE3E /* ShareFrameBase.cpp in Compile Sources */ = {isa = PBXBuildFile; fileRef = 05A2213CEDB230ECCE5DA964 /* ShareFrameBase.cpp */; settings = {ATTRIBUTES = (); }; };
		E84FDBAADE6F274A7806A50F /* moc_FlickrAuthorizeWebview.cpp in Compile Sources */ = {isa = PBXBuildFile; fileRef = 2F18D7DCC53CB20C80A25E4F /* moc_FlickrAuthorizeWebview.cpp */; settings = {ATTRIBUTES = (); }; };
		EC5C977A6FDE959FD63E2B62 /* TwitterShare.cpp in Compile Sources */ = {isa = PBXBuildFile; fileRef = 604C1240225156DD476C654C /* TwitterShare.cpp */; settings = {ATTRIBUTES = (); }; };
		F5311C9C84658672CB42B063 /* moc_FacebookShareObject.cpp in Compile Sources */ = {isa = PBXBuildFile; fileRef = A1E68EBF7688F64D53B2A777 /* moc_FacebookShareObject.cpp */; settings = {ATTRIBUTES = (); }; };
/* End PBXBuildFile section */

/* Begin PBXContainerItemProxy section */
		A884DE091C0E96E6007EFB8C /* PBXContainerItemProxy */ = {
			isa = PBXContainerItemProxy;
			containerPortal = 6DB9C3763D02B1415CD9D565 /* Project object */;
			proxyType = 1;
			remoteGlobalIDString = 090AE8792606FBE987762C9B;
			remoteInfo = "Qt Preprocess";
		};
/* End PBXContainerItemProxy section */

/* Begin PBXFileReference section */
		0062E4C96776620D1F044EDB /* /Users/fotor-desktop/Qt5.3.2/5.3/clang_64/mkspecs/modules/qt_lib_macextras.pri */ = {isa = PBXFileReference; lastKnownFileType = text; path = "/Users/fotor-desktop/Qt5.3.2/5.3/clang_64/mkspecs/modules/qt_lib_macextras.pri"; sourceTree = "<absolute>"; };
		022A60EB7FE75BF2801470BE /* moc_FaceBookAuthorizeWebview.cpp */ = {isa = PBXFileReference; lastKnownFileType = sourcecode.cpp.cpp; name = moc_FaceBookAuthorizeWebview.cpp; path = ../temp/GeneratedFiles/moc_FaceBookAuthorizeWebview.cpp; sourceTree = "<absolute>"; };
		05A2213CEDB230ECCE5DA964 /* ShareFrameBase.cpp */ = {isa = PBXFileReference; lastKnownFileType = sourcecode.cpp.cpp; name = ShareFrameBase.cpp; path = ../src/ShareFrameBase.cpp; sourceTree = "<absolute>"; };
		078EEF3C22377CDF1C8B5C11 /* moc_TwitterShare.cpp */ = {isa = PBXFileReference; lastKnownFileType = sourcecode.cpp.cpp; name = moc_TwitterShare.cpp; path = ../temp/GeneratedFiles/moc_TwitterShare.cpp; sourceTree = "<absolute>"; };
		09E0128AB7580BF9D5FB3475 /* /Users/fotor-desktop/Qt5.3.2/5.3/clang_64/mkspecs/modules/qt_lib_quickwidgets_private.pri */ = {isa = PBXFileReference; lastKnownFileType = text; path = "/Users/fotor-desktop/Qt5.3.2/5.3/clang_64/mkspecs/modules/qt_lib_quickwidgets_private.pri"; sourceTree = "<absolute>"; };
		0A3020A356F2AED9CCB95410 /* /Users/fotor-desktop/Qt5.3.2/5.3/clang_64/mkspecs/modules/qt_lib_platformsupport_private.pri */ = {isa = PBXFileReference; lastKnownFileType = text; path = "/Users/fotor-desktop/Qt5.3.2/5.3/clang_64/mkspecs/modules/qt_lib_platformsupport_private.pri"; sourceTree = "<absolute>"; };
		0E330DD046535715C56D680C /* /Users/fotor-desktop/Qt5.3.2/5.3/clang_64/mkspecs/modules/qt_lib_network_private.pri */ = {isa = PBXFileReference; lastKnownFileType = text; path = "/Users/fotor-desktop/Qt5.3.2/5.3/clang_64/mkspecs/modules/qt_lib_network_private.pri"; sourceTree = "<absolute>"; };
		10DECD361234980E90C08EF6 /* /Users/fotor-desktop/Qt5.3.2/5.3/clang_64/mkspecs/modules/qt_lib_qtmultimediaquicktools_private.pri */ = {isa = PBXFileReference; lastKnownFileType = text; path = "/Users/fotor-desktop/Qt5.3.2/5.3/clang_64/mkspecs/modules/qt_lib_qtmultimediaquicktools_private.pri"; sourceTree = "<absolute>"; };
		1438FA659BD15307D38D0F90 /* FlickrShare.h */ = {isa = PBXFileReference; lastKnownFileType = sourcecode.c.h; name = FlickrShare.h; path = ../Include/FlickrShare.h; sourceTree = "<absolute>"; };
		20860B2D8030CC6A67FD0415 /* FacebookShare.h */ = {isa = PBXFileReference; lastKnownFileType = sourcecode.c.h; name = FacebookShare.h; path = ../Include/FacebookShare.h; sourceTree = "<absolute>"; };
		218E8C5D597B94624A6F6501 /* /Users/fotor-desktop/Qt5.3.2/5.3/clang_64/mkspecs/modules/qt_lib_quickwidgets.pri */ = {isa = PBXFileReference; lastKnownFileType = text; path = "/Users/fotor-desktop/Qt5.3.2/5.3/clang_64/mkspecs/modules/qt_lib_quickwidgets.pri"; sourceTree = "<absolute>"; };
		218FFF8A0F78968C4E3F9B63 /* libShareLib.a */ = {isa = PBXFileReference; explicitFileType = archive.ar; includeInIndex = 0; path = libShareLib.a; sourceTree = BUILT_PRODUCTS_DIR; };
		26F58C4BFB89090C85CE745C /* /Users/fotor-desktop/Qt5.3.2/5.3/clang_64/mkspecs/modules/qt_lib_opengl_private.pri */ = {isa = PBXFileReference; lastKnownFileType = text; path = "/Users/fotor-desktop/Qt5.3.2/5.3/clang_64/mkspecs/modules/qt_lib_opengl_private.pri"; sourceTree = "<absolute>"; };
		29C40803D3923149755A8FA5 /* SharePublicFuncDefine.cpp */ = {isa = PBXFileReference; lastKnownFileType = sourcecode.cpp.cpp; name = SharePublicFuncDefine.cpp; path = ../src/SharePublicFuncDefine.cpp; sourceTree = "<absolute>"; };
		2CFCD60B8BF0203FB2585F76 /* /Users/fotor-desktop/Qt5.3.2/5.3/clang_64/mkspecs/modules/qt_lib_svg.pri */ = {isa = PBXFileReference; lastKnownFileType = text; path = "/Users/fotor-desktop/Qt5.3.2/5.3/clang_64/mkspecs/modules/qt_lib_svg.pri"; sourceTree = "<absolute>"; };
		2D45CA4CE678DA1DD2514356 /* /Users/fotor-desktop/Qt5.3.2/5.3/clang_64/mkspecs/modules/qt_lib_quick.pri */ = {isa = PBXFileReference; lastKnownFileType = text; path = "/Users/fotor-desktop/Qt5.3.2/5.3/clang_64/mkspecs/modules/qt_lib_quick.pri"; sourceTree = "<absolute>"; };
		2F18D7DCC53CB20C80A25E4F /* moc_FlickrAuthorizeWebview.cpp */ = {isa = PBXFileReference; lastKnownFileType = sourcecode.cpp.cpp; name = moc_FlickrAuthorizeWebview.cpp; path = ../temp/GeneratedFiles/moc_FlickrAuthorizeWebview.cpp; sourceTree = "<absolute>"; };
		2F67B562E31511606A6F6896 /* /Users/fotor-desktop/Qt5.3.2/5.3/clang_64/mkspecs/common/macx.conf */ = {isa = PBXFileReference; lastKnownFileType = text; path = "/Users/fotor-desktop/Qt5.3.2/5.3/clang_64/mkspecs/common/macx.conf"; sourceTree = "<absolute>"; };
		305A776BADF02FE6D00B46C5 /* moc_AuthorizeWebviewBase.cpp */ = {isa = PBXFileReference; lastKnownFileType = sourcecode.cpp.cpp; name = moc_AuthorizeWebviewBase.cpp; path = ../temp/GeneratedFiles/moc_AuthorizeWebviewBase.cpp; sourceTree = "<absolute>"; };
		30FD1BD819DF7576962E60F3 /* /Users/fotor-desktop/Qt5.3.2/5.3/clang_64/mkspecs/modules/qt_lib_webkit_private.pri */ = {isa = PBXFileReference; lastKnownFileType = text; path = "/Users/fotor-desktop/Qt5.3.2/5.3/clang_64/mkspecs/modules/qt_lib_webkit_private.pri"; sourceTree = "<absolute>"; };
		31B71E383CDBC29A8394B0D4 /* /Users/fotor-desktop/Qt5.3.2/5.3/clang_64/mkspecs/modules/qt_lib_designer.pri */ = {isa = PBXFileReference; lastKnownFileType = text; path = "/Users/fotor-desktop/Qt5.3.2/5.3/clang_64/mkspecs/modules/qt_lib_designer.pri"; sourceTree = "<absolute>"; };
		31E79178E719916B95D05109 /* AuthorizeWebviewBase.cpp */ = {isa = PBXFileReference; lastKnownFileType = sourcecode.cpp.cpp; name = AuthorizeWebviewBase.cpp; path = ../src/AuthorizeWebviewBase.cpp; sourceTree = "<absolute>"; };
		324B47399C7B045756CF698E /* /Users/fotor-desktop/Qt5.3.2/5.3/clang_64/mkspecs/modules/qt_lib_xmlpatterns_private.pri */ = {isa = PBXFileReference; lastKnownFileType = text; path = "/Users/fotor-desktop/Qt5.3.2/5.3/clang_64/mkspecs/modules/qt_lib_xmlpatterns_private.pri"; sourceTree = "<absolute>"; };
		32C51D93180FB16B8294AFB8 /* /Users/fotor-desktop/Qt5.3.2/5.3/clang_64/mkspecs/macx-xcode/qmake.conf */ = {isa = PBXFileReference; lastKnownFileType = text; path = "/Users/fotor-desktop/Qt5.3.2/5.3/clang_64/mkspecs/macx-xcode/qmake.conf"; sourceTree = "<absolute>"; };
		366C2235A60C5BB74BECD25B /* moc_ShareFrameBase.cpp */ = {isa = PBXFileReference; lastKnownFileType = sourcecode.cpp.cpp; name = moc_ShareFrameBase.cpp; path = ../temp/GeneratedFiles/moc_ShareFrameBase.cpp; sourceTree = "<absolute>"; };
		3996B14978EF8CC1670F23F9 /* /Users/fotor-desktop/Qt5.3.2/5.3/clang_64/mkspecs/modules/qt_lib_multimedia_private.pri */ = {isa = PBXFileReference; lastKnownFileType = text; path = "/Users/fotor-desktop/Qt5.3.2/5.3/clang_64/mkspecs/modules/qt_lib_multimedia_private.pri"; sourceTree = "<absolute>"; };
		3C642F4150A90DAE68710190 /* /Users/fotor-desktop/Qt5.3.2/5.3/clang_64/mkspecs/modules/qt_lib_gui.pri */ = {isa = PBXFileReference; lastKnownFileType = text; path = "/Users/fotor-desktop/Qt5.3.2/5.3/clang_64/mkspecs/modules/qt_lib_gui.pri"; sourceTree = "<absolute>"; };
		3EA6A934F657C68594DDDD3A /* /Users/fotor-desktop/Qt5.3.2/5.3/clang_64/mkspecs/modules/qt_lib_uitools_private.pri */ = {isa = PBXFileReference; lastKnownFileType = text; path = "/Users/fotor-desktop/Qt5.3.2/5.3/clang_64/mkspecs/modules/qt_lib_uitools_private.pri"; sourceTree = "<absolute>"; };
		3F52C78AE34C05CF97FE065D /* FlickrAuthorizeWebview.cpp */ = {isa = PBXFileReference; lastKnownFileType = sourcecode.cpp.cpp; name = FlickrAuthorizeWebview.cpp; path = ../src/FlickrAuthorizeWebview.cpp; sourceTree = "<absolute>"; };
		406A527FC4BD7D15B9E581C8 /* TwitterShareObject.h */ = {isa = PBXFileReference; lastKnownFileType = sourcecode.c.h; name = TwitterShareObject.h; path = ../src/TwitterShareObject.h; sourceTree = "<absolute>"; };
		43CAC7ADCB65051370DB3CA2 /* /Users/fotor-desktop/Qt5.3.2/5.3/clang_64/mkspecs/modules/qt_lib_gui_private.pri */ = {isa = PBXFileReference; lastKnownFileType = text; path = "/Users/fotor-desktop/Qt5.3.2/5.3/clang_64/mkspecs/modules/qt_lib_gui_private.pri"; sourceTree = "<absolute>"; };
		43FDD9A9929142D85824A82D /* /Users/fotor-desktop/Qt5.3.2/5.3/clang_64/mkspecs/modules/qt_lib_enginio_private.pri */ = {isa = PBXFileReference; lastKnownFileType = text; path = "/Users/fotor-desktop/Qt5.3.2/5.3/clang_64/mkspecs/modules/qt_lib_enginio_private.pri"; sourceTree = "<absolute>"; };
		44B76498D21DAC355ABBC7A6 /* FacebookShare.cpp */ = {isa = PBXFileReference; lastKnownFileType = sourcecode.cpp.cpp; name = FacebookShare.cpp; path = ../src/FacebookShare.cpp; sourceTree = "<absolute>"; };
		45863A045EB187A62C2EEADC /* ShareStructDefine.h */ = {isa = PBXFileReference; lastKnownFileType = sourcecode.c.h; name = ShareStructDefine.h; path = ../Include/ShareStructDefine.h; sourceTree = "<absolute>"; };
		4586F4A4B8F91A47420E3213 /* /Users/fotor-desktop/Qt5.3.2/5.3/clang_64/mkspecs/modules/qt_lib_help.pri */ = {isa = PBXFileReference; lastKnownFileType = text; path = "/Users/fotor-desktop/Qt5.3.2/5.3/clang_64/mkspecs/modules/qt_lib_help.pri"; sourceTree = "<absolute>"; };
		48509C8581E3ADFE271D9EDD /* CNotifyWebView.mm */ = {isa = PBXFileReference; lastKnownFileType = sourcecode.cpp.objcpp; name = CNotifyWebView.mm; path = ../src/CNotifyWebView.mm; sourceTree = "<absolute>"; };
		49CDE850FB268F8A83B5DB72 /* /Users/fotor-desktop/Qt5.3.2/5.3/clang_64/mkspecs/modules/qt_lib_widgets_private.pri */ = {isa = PBXFileReference; lastKnownFileType = text; path = "/Users/fotor-desktop/Qt5.3.2/5.3/clang_64/mkspecs/modules/qt_lib_widgets_private.pri"; sourceTree = "<absolute>"; };
		4A7F7567236E2BB5C14C5E9F /* /Users/fotor-desktop/Qt5.3.2/5.3/clang_64/mkspecs/modules/qt_lib_help_private.pri */ = {isa = PBXFileReference; lastKnownFileType = text; path = "/Users/fotor-desktop/Qt5.3.2/5.3/clang_64/mkspecs/modules/qt_lib_help_private.pri"; sourceTree = "<absolute>"; };
		4BA83A78D95429261F58CFD2 /* CNotifyWebView.h */ = {isa = PBXFileReference; lastKnownFileType = sourcecode.c.h; name = CNotifyWebView.h; path = ../src/CNotifyWebView.h; sourceTree = "<absolute>"; };
		50B6A97C65217C82783C58E0 /* /Users/fotor-desktop/Qt5.3.2/5.3/clang_64/mkspecs/modules/qt_lib_testlib.pri */ = {isa = PBXFileReference; lastKnownFileType = text; path = "/Users/fotor-desktop/Qt5.3.2/5.3/clang_64/mkspecs/modules/qt_lib_testlib.pri"; sourceTree = "<absolute>"; };
		52F0C8ABB3BA92C0C4B066BB /* /Users/fotor-desktop/Qt5.3.2/5.3/clang_64/mkspecs/common/gcc-base-mac.conf */ = {isa = PBXFileReference; lastKnownFileType = text; path = "/Users/fotor-desktop/Qt5.3.2/5.3/clang_64/mkspecs/common/gcc-base-mac.conf"; sourceTree = "<absolute>"; };
		5429FBC06A9A522B2806F6EE /* /Users/fotor-desktop/Qt5.3.2/5.3/clang_64/mkspecs/modules/qt_lib_websockets.pri */ = {isa = PBXFileReference; lastKnownFileType = text; path = "/Users/fotor-desktop/Qt5.3.2/5.3/clang_64/mkspecs/modules/qt_lib_websockets.pri"; sourceTree = "<absolute>"; };
		5530E0970F1C71D92548EA8E /* /Users/fotor-desktop/Qt5.3.2/5.3/clang_64/mkspecs/modules/qt_lib_webkit.pri */ = {isa = PBXFileReference; lastKnownFileType = text; path = "/Users/fotor-desktop/Qt5.3.2/5.3/clang_64/mkspecs/modules/qt_lib_webkit.pri"; sourceTree = "<absolute>"; };
		561F44BC0C10C4F4AACF208E /* ShareLib.pro */ = {isa = PBXFileReference; lastKnownFileType = text; path = ShareLib.pro; sourceTree = "<absolute>"; };
		57347C50CFE1D9C30F5DD554 /* FacebookShareObject.cpp */ = {isa = PBXFileReference; lastKnownFileType = sourcecode.cpp.cpp; name = FacebookShareObject.cpp; path = ../src/FacebookShareObject.cpp; sourceTree = "<absolute>"; };
		58D2A62B3CFAD8AA561962F3 /* /Users/fotor-desktop/Qt5.3.2/5.3/clang_64/mkspecs/modules/qt_lib_enginio.pri */ = {isa = PBXFileReference; lastKnownFileType = text; path = "/Users/fotor-desktop/Qt5.3.2/5.3/clang_64/mkspecs/modules/qt_lib_enginio.pri"; sourceTree = "<absolute>"; };
		5AD9010CA1C9DCABE2711073 /* /Users/fotor-desktop/Qt5.3.2/5.3/clang_64/mkspecs/modules/qt_lib_positioning.pri */ = {isa = PBXFileReference; lastKnownFileType = text; path = "/Users/fotor-desktop/Qt5.3.2/5.3/clang_64/mkspecs/modules/qt_lib_positioning.pri"; sourceTree = "<absolute>"; };
		5D5C934EB013E94E3F043811 /* /Users/fotor-desktop/Qt5.3.2/5.3/clang_64/mkspecs/modules/qt_lib_widgets.pri */ = {isa = PBXFileReference; lastKnownFileType = text; path = "/Users/fotor-desktop/Qt5.3.2/5.3/clang_64/mkspecs/modules/qt_lib_widgets.pri"; sourceTree = "<absolute>"; };
		5E4AB5CAEE2A2781F636735B /* NetworkReplyTempObjManager.cpp */ = {isa = PBXFileReference; lastKnownFileType = sourcecode.cpp.cpp; name = NetworkReplyTempObjManager.cpp; path = ../src/NetworkReplyTempObjManager.cpp; sourceTree = "<absolute>"; };
		604C1240225156DD476C654C /* TwitterShare.cpp */ = {isa = PBXFileReference; lastKnownFileType = sourcecode.cpp.cpp; name = TwitterShare.cpp; path = ../src/TwitterShare.cpp; sourceTree = "<absolute>"; };
		6086DB58B1AB3E89DB29FF11 /* /Users/fotor-desktop/Qt5.3.2/5.3/clang_64/mkspecs/modules/qt_lib_macextras_private.pri */ = {isa = PBXFileReference; lastKnownFileType = text; path = "/Users/fotor-desktop/Qt5.3.2/5.3/clang_64/mkspecs/modules/qt_lib_macextras_private.pri"; sourceTree = "<absolute>"; };
		61C30A51BE4FB593A679F10E /* /Users/fotor-desktop/Qt5.3.2/5.3/clang_64/mkspecs/modules/qt_lib_sensors.pri */ = {isa = PBXFileReference; lastKnownFileType = text; path = "/Users/fotor-desktop/Qt5.3.2/5.3/clang_64/mkspecs/modules/qt_lib_sensors.pri"; sourceTree = "<absolute>"; };
		6376FB75B78E6C6BE4A14B5D /* /Users/fotor-desktop/Qt5.3.2/5.3/clang_64/mkspecs/modules/qt_lib_dbus_private.pri */ = {isa = PBXFileReference; lastKnownFileType = text; path = "/Users/fotor-desktop/Qt5.3.2/5.3/clang_64/mkspecs/modules/qt_lib_dbus_private.pri"; sourceTree = "<absolute>"; };
		682E643BC1CF1FAB40AEAD8F /* TwitterShareObject.cpp */ = {isa = PBXFileReference; lastKnownFileType = sourcecode.cpp.cpp; name = TwitterShareObject.cpp; path = ../src/TwitterShareObject.cpp; sourceTree = "<absolute>"; };
		6BC816C602F6ABCDC7CF26AF /* moc_FacebookShare.cpp */ = {isa = PBXFileReference; lastKnownFileType = sourcecode.cpp.cpp; name = moc_FacebookShare.cpp; path = ../temp/GeneratedFiles/moc_FacebookShare.cpp; sourceTree = "<absolute>"; };
		6BD821AB305D568114ECA750 /* AuthorizeWebviewBase.h */ = {isa = PBXFileReference; lastKnownFileType = sourcecode.c.h; name = AuthorizeWebviewBase.h; path = ../src/AuthorizeWebviewBase.h; sourceTree = "<absolute>"; };
		6E7BF6D342F2A0E6E50EEB8A /* FlickrAuthorizeWebview.h */ = {isa = PBXFileReference; lastKnownFileType = sourcecode.c.h; name = FlickrAuthorizeWebview.h; path = ../src/FlickrAuthorizeWebview.h; sourceTree = "<absolute>"; };
		721D5A9CFDC4C06A9D56E268 /* /Users/fotor-desktop/Qt5.3.2/5.3/clang_64/mkspecs/modules/qt_lib_concurrent_private.pri */ = {isa = PBXFileReference; lastKnownFileType = text; path = "/Users/fotor-desktop/Qt5.3.2/5.3/clang_64/mkspecs/modules/qt_lib_concurrent_private.pri"; sourceTree = "<absolute>"; };
		738C233F8E98C33A9BFB10F3 /* IWebviewStyle.cpp */ = {isa = PBXFileReference; lastKnownFileType = sourcecode.cpp.cpp; name = IWebviewStyle.cpp; path = ../src/IWebviewStyle.cpp; sourceTree = "<absolute>"; };
		7477AC89B5395B05C7C88DF7 /* /Users/fotor-desktop/Qt5.3.2/5.3/clang_64/mkspecs/modules/qt_lib_clucene_private.pri */ = {isa = PBXFileReference; lastKnownFileType = text; path = "/Users/fotor-desktop/Qt5.3.2/5.3/clang_64/mkspecs/modules/qt_lib_clucene_private.pri"; sourceTree = "<absolute>"; };
		747FBE8CCA0CCD63D5CEF473 /* /Users/fotor-desktop/Qt5.3.2/5.3/clang_64/mkspecs/modules/qt_lib_scripttools_private.pri */ = {isa = PBXFileReference; lastKnownFileType = text; path = "/Users/fotor-desktop/Qt5.3.2/5.3/clang_64/mkspecs/modules/qt_lib_scripttools_private.pri"; sourceTree = "<absolute>"; };
		74A5185038C425DDF504BBDB /* IWebviewStyle.h */ = {isa = PBXFileReference; lastKnownFileType = sourcecode.c.h; name = IWebviewStyle.h; path = ../Include/IWebviewStyle.h; sourceTree = "<absolute>"; };
		7692EC673A3A07ED71941174 /* /Users/fotor-desktop/Qt5.3.2/5.3/clang_64/mkspecs/modules/qt_lib_serialport.pri */ = {isa = PBXFileReference; lastKnownFileType = text; path = "/Users/fotor-desktop/Qt5.3.2/5.3/clang_64/mkspecs/modules/qt_lib_serialport.pri"; sourceTree = "<absolute>"; };
		76B4BD2268247ED69312056E /* /Users/fotor-desktop/Qt5.3.2/5.3/clang_64/mkspecs/macx-clang/qmake.conf */ = {isa = PBXFileReference; lastKnownFileType = text; path = "/Users/fotor-desktop/Qt5.3.2/5.3/clang_64/mkspecs/macx-clang/qmake.conf"; sourceTree = "<absolute>"; };
		77F2BB739CA626F166DCA8E0 /* /Users/fotor-desktop/Qt5.3.2/5.3/clang_64/mkspecs/modules/qt_lib_qmltest_private.pri */ = {isa = PBXFileReference; lastKnownFileType = text; path = "/Users/fotor-desktop/Qt5.3.2/5.3/clang_64/mkspecs/modules/qt_lib_qmltest_private.pri"; sourceTree = "<absolute>"; };
		7C13F8438F5B307C06E0830A /* /Users/fotor-desktop/Qt5.3.2/5.3/clang_64/mkspecs/qdevice.pri */ = {isa = PBXFileReference; lastKnownFileType = text; path = "/Users/fotor-desktop/Qt5.3.2/5.3/clang_64/mkspecs/qdevice.pri"; sourceTree = "<absolute>"; };
		7D2D0247F21D1E800856DE89 /* /Users/fotor-desktop/Qt5.3.2/5.3/clang_64/mkspecs/modules/qt_lib_sensors_private.pri */ = {isa = PBXFileReference; lastKnownFileType = text; path = "/Users/fotor-desktop/Qt5.3.2/5.3/clang_64/mkspecs/modules/qt_lib_sensors_private.pri"; sourceTree = "<absolute>"; };
		814898DC9B7861AED62474D9 /* /Users/fotor-desktop/Qt5.3.2/5.3/clang_64/mkspecs/modules/qt_lib_declarative.pri */ = {isa = PBXFileReference; lastKnownFileType = text; path = "/Users/fotor-desktop/Qt5.3.2/5.3/clang_64/mkspecs/modules/qt_lib_declarative.pri"; sourceTree = "<absolute>"; };
		8171E3891365E9332D540EC0 /* /Users/fotor-desktop/Qt5.3.2/5.3/clang_64/mkspecs/common/mac.conf */ = {isa = PBXFileReference; lastKnownFileType = text; path = "/Users/fotor-desktop/Qt5.3.2/5.3/clang_64/mkspecs/common/mac.conf"; sourceTree = "<absolute>"; };
		842337A248549A71E0D04F48 /* call_once.h */ = {isa = PBXFileReference; lastKnownFileType = sourcecode.c.h; name = call_once.h; path = ../src/call_once.h; sourceTree = "<absolute>"; };
		8487E88C3E621126AF2105BA /* WebviewContainer.h */ = {isa = PBXFileReference; lastKnownFileType = sourcecode.c.h; name = WebviewContainer.h; path = ../Include/WebviewContainer.h; sourceTree = "<absolute>"; };
		84E896A0C96467383C5FCA78 /* shareimages.qrc */ = {isa = PBXFileReference; lastKnownFileType = text; name = shareimages.qrc; path = ../shareimages.qrc; sourceTree = "<absolute>"; };
		852B21ECBE2E6753843D8647 /* /Users/fotor-desktop/Qt5.3.2/5.3/clang_64/mkspecs/modules/qt_lib_openglextensions_private.pri */ = {isa = PBXFileReference; lastKnownFileType = text; path = "/Users/fotor-desktop/Qt5.3.2/5.3/clang_64/mkspecs/modules/qt_lib_openglextensions_private.pri"; sourceTree = "<absolute>"; };
		855BDAF93710C64CA0C50731 /* /Users/fotor-desktop/Qt5.3.2/5.3/clang_64/mkspecs/modules/qt_lib_script_private.pri */ = {isa = PBXFileReference; lastKnownFileType = text; path = "/Users/fotor-desktop/Qt5.3.2/5.3/clang_64/mkspecs/modules/qt_lib_script_private.pri"; sourceTree = "<absolute>"; };
		86B7D24A6195CF6B3341718A /* ShareStructDefine.cpp */ = {isa = PBXFileReference; lastKnownFileType = sourcecode.cpp.cpp; name = ShareStructDefine.cpp; path = ../src/ShareStructDefine.cpp; sourceTree = "<absolute>"; };
		8710066BBAE48F1F90263336 /* /Users/fotor-desktop/Qt5.3.2/5.3/clang_64/mkspecs/modules/qt_lib_opengl.pri */ = {isa = PBXFileReference; lastKnownFileType = text; path = "/Users/fotor-desktop/Qt5.3.2/5.3/clang_64/mkspecs/modules/qt_lib_opengl.pri"; sourceTree = "<absolute>"; };
		8A51F488A36E45E60489F644 /* FlickrShare.cpp */ = {isa = PBXFileReference; lastKnownFileType = sourcecode.cpp.cpp; name = FlickrShare.cpp; path = ../src/FlickrShare.cpp; sourceTree = "<absolute>"; };
		8C053B9D56BD97136C63D512 /* /Users/fotor-desktop/Qt5.3.2/5.3/clang_64/mkspecs/modules/qt_lib_nfc_private.pri */ = {isa = PBXFileReference; lastKnownFileType = text; path = "/Users/fotor-desktop/Qt5.3.2/5.3/clang_64/mkspecs/modules/qt_lib_nfc_private.pri"; sourceTree = "<absolute>"; };
		8C2D03751A3BDC1E0EBE29C3 /* /Users/fotor-desktop/Qt5.3.2/5.3/clang_64/mkspecs/modules/qt_lib_concurrent.pri */ = {isa = PBXFileReference; lastKnownFileType = text; path = "/Users/fotor-desktop/Qt5.3.2/5.3/clang_64/mkspecs/modules/qt_lib_concurrent.pri"; sourceTree = "<absolute>"; };
		8CDAA69F1AA7915CD4AE6296 /* NetworkReplyTempObjManager.h */ = {isa = PBXFileReference; lastKnownFileType = sourcecode.c.h; name = NetworkReplyTempObjManager.h; path = ../Include/NetworkReplyTempObjManager.h; sourceTree = "<absolute>"; };
		8FFC34410790018C8E34C023 /* /Users/fotor-desktop/Qt5.3.2/5.3/clang_64/mkspecs/modules/qt_lib_script.pri */ = {isa = PBXFileReference; lastKnownFileType = text; path = "/Users/fotor-desktop/Qt5.3.2/5.3/clang_64/mkspecs/modules/qt_lib_script.pri"; sourceTree = "<absolute>"; };
		90FD5318BD5E62A1E8455A29 /* /Users/fotor-desktop/Qt5.3.2/5.3/clang_64/mkspecs/modules/qt_lib_dbus.pri */ = {isa = PBXFileReference; lastKnownFileType = text; path = "/Users/fotor-desktop/Qt5.3.2/5.3/clang_64/mkspecs/modules/qt_lib_dbus.pri"; sourceTree = "<absolute>"; };
		91C074250C560E4D9C057AF2 /* ShareMacroDefine.h */ = {isa = PBXFileReference; lastKnownFileType = sourcecode.c.h; name = ShareMacroDefine.h; path = ../Include/ShareMacroDefine.h; sourceTree = "<absolute>"; };
		923A830EA600B167228EAC12 /* /Users/fotor-desktop/Qt5.3.2/5.3/clang_64/mkspecs/modules/qt_lib_designer_private.pri */ = {isa = PBXFileReference; lastKnownFileType = text; path = "/Users/fotor-desktop/Qt5.3.2/5.3/clang_64/mkspecs/modules/qt_lib_designer_private.pri"; sourceTree = "<absolute>"; };
		9862686286D1F3926C49D62D /* /Users/fotor-desktop/Qt5.3.2/5.3/clang_64/mkspecs/modules/qt_lib_positioning_private.pri */ = {isa = PBXFileReference; lastKnownFileType = text; path = "/Users/fotor-desktop/Qt5.3.2/5.3/clang_64/mkspecs/modules/qt_lib_positioning_private.pri"; sourceTree = "<absolute>"; };
		995436FF8C3B40E528B225FF /* /Users/fotor-desktop/Qt5.3.2/5.3/clang_64/mkspecs/modules/qt_lib_qml.pri */ = {isa = PBXFileReference; lastKnownFileType = text; path = "/Users/fotor-desktop/Qt5.3.2/5.3/clang_64/mkspecs/modules/qt_lib_qml.pri"; sourceTree = "<absolute>"; };
		9AC4D9A3F0257543E6E7AE8D /* FaceBookAuthorizeWebview.h */ = {isa = PBXFileReference; lastKnownFileType = sourcecode.c.h; name = FaceBookAuthorizeWebview.h; path = ../src/FaceBookAuthorizeWebview.h; sourceTree = "<absolute>"; };
		9BD53B2DD869ACF0030D7DDD /* moc_FlickrShare.cpp */ = {isa = PBXFileReference; lastKnownFileType = sourcecode.cpp.cpp; name = moc_FlickrShare.cpp; path = ../temp/GeneratedFiles/moc_FlickrShare.cpp; sourceTree = "<absolute>"; };
		9BE05F4622B8C508484FCD92 /* /Users/fotor-desktop/Qt5.3.2/5.3/clang_64/mkspecs/common/unix.conf */ = {isa = PBXFileReference; lastKnownFileType = text; path = "/Users/fotor-desktop/Qt5.3.2/5.3/clang_64/mkspecs/common/unix.conf"; sourceTree = "<absolute>"; };
		9D510E8DB70C2F18E03734D1 /* /Users/fotor-desktop/Qt5.3.2/5.3/clang_64/mkspecs/qconfig.pri */ = {isa = PBXFileReference; lastKnownFileType = text; path = "/Users/fotor-desktop/Qt5.3.2/5.3/clang_64/mkspecs/qconfig.pri"; sourceTree = "<absolute>"; };
		A1E68EBF7688F64D53B2A777 /* moc_FacebookShareObject.cpp */ = {isa = PBXFileReference; lastKnownFileType = sourcecode.cpp.cpp; name = moc_FacebookShareObject.cpp; path = ../temp/GeneratedFiles/moc_FacebookShareObject.cpp; sourceTree = "<absolute>"; };
		A24623E638DAC1581C21279A /* /Users/fotor-desktop/Qt5.3.2/5.3/clang_64/mkspecs/modules/qt_lib_quickparticles_private.pri */ = {isa = PBXFileReference; lastKnownFileType = text; path = "/Users/fotor-desktop/Qt5.3.2/5.3/clang_64/mkspecs/modules/qt_lib_quickparticles_private.pri"; sourceTree = "<absolute>"; };
		A2C3B802801B2942A6FE4CB5 /* moc_NetworkReplyTempObjManager.cpp */ = {isa = PBXFileReference; lastKnownFileType = sourcecode.cpp.cpp; name = moc_NetworkReplyTempObjManager.cpp; path = ../temp/GeneratedFiles/moc_NetworkReplyTempObjManager.cpp; sourceTree = "<absolute>"; };
		A32048B6FAF0362F7E3B93C9 /* /Users/fotor-desktop/Qt5.3.2/5.3/clang_64/mkspecs/modules/qt_lib_sql_private.pri */ = {isa = PBXFileReference; lastKnownFileType = text; path = "/Users/fotor-desktop/Qt5.3.2/5.3/clang_64/mkspecs/modules/qt_lib_sql_private.pri"; sourceTree = "<absolute>"; };
		AB745978DF0F41D1801ABDA6 /* .qmake.stash */ = {isa = PBXFileReference; lastKnownFileType = file; path = .qmake.stash; sourceTree = "<absolute>"; };
		AFBFDA53B767E83EB02DFA65 /* /Users/fotor-desktop/Qt5.3.2/5.3/clang_64/mkspecs/modules/qt_lib_xmlpatterns.pri */ = {isa = PBXFileReference; lastKnownFileType = text; path = "/Users/fotor-desktop/Qt5.3.2/5.3/clang_64/mkspecs/modules/qt_lib_xmlpatterns.pri"; sourceTree = "<absolute>"; };
		B179939CA61B07DC2BC14FA2 /* /Users/fotor-desktop/Qt5.3.2/5.3/clang_64/mkspecs/modules/qt_lib_qmldevtools_private.pri */ = {isa = PBXFileReference; lastKnownFileType = text; path = "/Users/fotor-desktop/Qt5.3.2/5.3/clang_64/mkspecs/modules/qt_lib_qmldevtools_private.pri"; sourceTree = "<absolute>"; };
		B4B8CB86CFD8E6036161B918 /* /Users/fotor-desktop/Qt5.3.2/5.3/clang_64/mkspecs/modules/qt_lib_core_private.pri */ = {isa = PBXFileReference; lastKnownFileType = text; path = "/Users/fotor-desktop/Qt5.3.2/5.3/clang_64/mkspecs/modules/qt_lib_core_private.pri"; sourceTree = "<absolute>"; };
		B70AA621B9E74E251E4E75D3 /* /Users/fotor-desktop/Qt5.3.2/5.3/clang_64/mkspecs/modules/qt_lib_quick_private.pri */ = {isa = PBXFileReference; lastKnownFileType = text; path = "/Users/fotor-desktop/Qt5.3.2/5.3/clang_64/mkspecs/modules/qt_lib_quick_private.pri"; sourceTree = "<absolute>"; };
		B72FA72B160075CEDFAE7157 /* /Users/fotor-desktop/Qt5.3.2/5.3/clang_64/mkspecs/modules/qt_lib_multimedia.pri */ = {isa = PBXFileReference; lastKnownFileType = text; path = "/Users/fotor-desktop/Qt5.3.2/5.3/clang_64/mkspecs/modules/qt_lib_multimedia.pri"; sourceTree = "<absolute>"; };
		B7622B1B0E908FEEAC40B05E /* /Users/fotor-desktop/Qt5.3.2/5.3/clang_64/mkspecs/common/clang-mac.conf */ = {isa = PBXFileReference; lastKnownFileType = text; path = "/Users/fotor-desktop/Qt5.3.2/5.3/clang_64/mkspecs/common/clang-mac.conf"; sourceTree = "<absolute>"; };
		B7A919FFD3A159AE52C88C89 /* ShareFrameBase.h */ = {isa = PBXFileReference; lastKnownFileType = sourcecode.c.h; name = ShareFrameBase.h; path = ../Include/ShareFrameBase.h; sourceTree = "<absolute>"; };
		B886C88FFF920D6077F37189 /* /Users/fotor-desktop/Qt5.3.2/5.3/clang_64/mkspecs/modules/qt_lib_qmltest.pri */ = {isa = PBXFileReference; lastKnownFileType = text; path = "/Users/fotor-desktop/Qt5.3.2/5.3/clang_64/mkspecs/modules/qt_lib_qmltest.pri"; sourceTree = "<absolute>"; };
		BC384552213BFCC0457FDBCF /* moc_FlickrShareObject.cpp */ = {isa = PBXFileReference; lastKnownFileType = sourcecode.cpp.cpp; name = moc_FlickrShareObject.cpp; path = ../temp/GeneratedFiles/moc_FlickrShareObject.cpp; sourceTree = "<absolute>"; };
		BEBA54FD090F74208638FA22 /* qsingleton.h */ = {isa = PBXFileReference; lastKnownFileType = sourcecode.c.h; name = qsingleton.h; path = ../src/qsingleton.h; sourceTree = "<absolute>"; };
		BF94AAECEC8BAA5331081A8A /* /Users/fotor-desktop/Qt5.3.2/5.3/clang_64/mkspecs/modules/qt_lib_xml.pri */ = {isa = PBXFileReference; lastKnownFileType = text; path = "/Users/fotor-desktop/Qt5.3.2/5.3/clang_64/mkspecs/modules/qt_lib_xml.pri"; sourceTree = "<absolute>"; };
		C0D0AA4B116D3E7910744C81 /* /Users/fotor-desktop/Qt5.3.2/5.3/clang_64/mkspecs/modules/qt_lib_svg_private.pri */ = {isa = PBXFileReference; lastKnownFileType = text; path = "/Users/fotor-desktop/Qt5.3.2/5.3/clang_64/mkspecs/modules/qt_lib_svg_private.pri"; sourceTree = "<absolute>"; };
		C11EB1548703EFFAE5A207A3 /* FlickrShareObject.h */ = {isa = PBXFileReference; lastKnownFileType = sourcecode.c.h; name = FlickrShareObject.h; path = ../src/FlickrShareObject.h; sourceTree = "<absolute>"; };
		C434B6D516071D05718A5AF3 /* /Users/fotor-desktop/Qt5.3.2/5.3/clang_64/mkspecs/modules/qt_lib_bluetooth.pri */ = {isa = PBXFileReference; lastKnownFileType = text; path = "/Users/fotor-desktop/Qt5.3.2/5.3/clang_64/mkspecs/modules/qt_lib_bluetooth.pri"; sourceTree = "<absolute>"; };
		C6CAE0251BB6AF5C603C94A2 /* /Users/fotor-desktop/Qt5.3.2/5.3/clang_64/mkspecs/modules/qt_lib_core.pri */ = {isa = PBXFileReference; lastKnownFileType = text; path = "/Users/fotor-desktop/Qt5.3.2/5.3/clang_64/mkspecs/modules/qt_lib_core.pri"; sourceTree = "<absolute>"; };
		C8040A6C57BCA1FD745DE7AC /* /Users/fotor-desktop/Qt5.3.2/5.3/clang_64/mkspecs/modules/qt_lib_declarative_private.pri */ = {isa = PBXFileReference; lastKnownFileType = text; path = "/Users/fotor-desktop/Qt5.3.2/5.3/clang_64/mkspecs/modules/qt_lib_declarative_private.pri"; sourceTree = "<absolute>"; };
		C916D33FBF5E3FE0B7382D73 /* /Users/fotor-desktop/Qt5.3.2/5.3/clang_64/mkspecs/modules/qt_lib_printsupport.pri */ = {isa = PBXFileReference; lastKnownFileType = text; path = "/Users/fotor-desktop/Qt5.3.2/5.3/clang_64/mkspecs/modules/qt_lib_printsupport.pri"; sourceTree = "<absolute>"; };
		CA980F4DF7BDAA0FB75F0A75 /* qrc_shareimages.cpp */ = {isa = PBXFileReference; lastKnownFileType = sourcecode.cpp.cpp; name = qrc_shareimages.cpp; path = ../temp/GeneratedFiles/qrc_shareimages.cpp; sourceTree = "<absolute>"; };
		CD2746EFB7399DCA00267AFA /* /Users/fotor-desktop/Qt5.3.2/5.3/clang_64/mkspecs/modules/qt_lib_bootstrap_private.pri */ = {isa = PBXFileReference; lastKnownFileType = text; path = "/Users/fotor-desktop/Qt5.3.2/5.3/clang_64/mkspecs/modules/qt_lib_bootstrap_private.pri"; sourceTree = "<absolute>"; };
		CDAC3FB5A3257AB2D1A1D9B9 /* FaceBookAuthorizeWebview.cpp */ = {isa = PBXFileReference; lastKnownFileType = sourcecode.cpp.cpp; name = FaceBookAuthorizeWebview.cpp; path = ../src/FaceBookAuthorizeWebview.cpp; sourceTree = "<absolute>"; };
		CDC055911B16BBBADA9927A4 /* /Users/fotor-desktop/Qt5.3.2/5.3/clang_64/mkspecs/modules/qt_lib_printsupport_private.pri */ = {isa = PBXFileReference; lastKnownFileType = text; path = "/Users/fotor-desktop/Qt5.3.2/5.3/clang_64/mkspecs/modules/qt_lib_printsupport_private.pri"; sourceTree = "<absolute>"; };
		CDCDA5D2D0B3335F32FC7F84 /* /Users/fotor-desktop/Qt5.3.2/5.3/clang_64/mkspecs/modules/qt_lib_testlib_private.pri */ = {isa = PBXFileReference; lastKnownFileType = text; path = "/Users/fotor-desktop/Qt5.3.2/5.3/clang_64/mkspecs/modules/qt_lib_testlib_private.pri"; sourceTree = "<absolute>"; };
		CF0D66C820A7081D9CF39409 /* /Users/fotor-desktop/Qt5.3.2/5.3/clang_64/mkspecs/modules/qt_lib_multimediawidgets.pri */ = {isa = PBXFileReference; lastKnownFileType = text; path = "/Users/fotor-desktop/Qt5.3.2/5.3/clang_64/mkspecs/modules/qt_lib_multimediawidgets.pri"; sourceTree = "<absolute>"; };
		CFB5190C97CFDF9210454672 /* /Users/fotor-desktop/Qt5.3.2/5.3/clang_64/mkspecs/modules/qt_lib_sql.pri */ = {isa = PBXFileReference; lastKnownFileType = text; path = "/Users/fotor-desktop/Qt5.3.2/5.3/clang_64/mkspecs/modules/qt_lib_sql.pri"; sourceTree = "<absolute>"; };
		D112929F055FE947A8EA6D11 /* TwitterAuthorizeWebview.h */ = {isa = PBXFileReference; lastKnownFileType = sourcecode.c.h; name = TwitterAuthorizeWebview.h; path = ../src/TwitterAuthorizeWebview.h; sourceTree = "<absolute>"; };
		D12BB5202E3259194704AB9C /* moc_TwitterAuthorizeWebview.cpp */ = {isa = PBXFileReference; lastKnownFileType = sourcecode.cpp.cpp; name = moc_TwitterAuthorizeWebview.cpp; path = ../temp/GeneratedFiles/moc_TwitterAuthorizeWebview.cpp; sourceTree = "<absolute>"; };
		D529F0AABAFEBFAC8E491957 /* IWebviewContainer.h */ = {isa = PBXFileReference; lastKnownFileType = sourcecode.c.h; name = IWebviewContainer.h; path = ../Include/IWebviewContainer.h; sourceTree = "<absolute>"; };
		D68D131ED0BF3C5CEF8E4825 /* SharePublicFuncDefine.h */ = {isa = PBXFileReference; lastKnownFileType = sourcecode.c.h; name = SharePublicFuncDefine.h; path = ../Include/SharePublicFuncDefine.h; sourceTree = "<absolute>"; };
		D6F72607B1B5CE0FF4D6EC2A /* /Users/fotor-desktop/Qt5.3.2/5.3/clang_64/mkspecs/common/gcc-base.conf */ = {isa = PBXFileReference; lastKnownFileType = text; path = "/Users/fotor-desktop/Qt5.3.2/5.3/clang_64/mkspecs/common/gcc-base.conf"; sourceTree = "<absolute>"; };
		D94CFAC73348B83D580DFC23 /* /Users/fotor-desktop/Qt5.3.2/5.3/clang_64/mkspecs/modules/qt_lib_webkitwidgets.pri */ = {isa = PBXFileReference; lastKnownFileType = text; path = "/Users/fotor-desktop/Qt5.3.2/5.3/clang_64/mkspecs/modules/qt_lib_webkitwidgets.pri"; sourceTree = "<absolute>"; };
		DA3D75A6326F5DFD4FD140C1 /* /Users/fotor-desktop/Qt5.3.2/5.3/clang_64/mkspecs/modules/qt_lib_websockets_private.pri */ = {isa = PBXFileReference; lastKnownFileType = text; path = "/Users/fotor-desktop/Qt5.3.2/5.3/clang_64/mkspecs/modules/qt_lib_websockets_private.pri"; sourceTree = "<absolute>"; };
		DAF2EF147628F4A16C5F2C8F /* /Users/fotor-desktop/Qt5.3.2/5.3/clang_64/mkspecs/modules/qt_lib_designercomponents_private.pri */ = {isa = PBXFileReference; lastKnownFileType = text; path = "/Users/fotor-desktop/Qt5.3.2/5.3/clang_64/mkspecs/modules/qt_lib_designercomponents_private.pri"; sourceTree = "<absolute>"; };
		DB2BD2AF99CDDEB0930F2321 /* TwitterShare.h */ = {isa = PBXFileReference; lastKnownFileType = sourcecode.c.h; name = TwitterShare.h; path = ../Include/TwitterShare.h; sourceTree = "<absolute>"; };
		DB5BDE498C549FEF3AB4B93F /* /Users/fotor-desktop/Qt5.3.2/5.3/clang_64/mkspecs/modules/qt_lib_multimediawidgets_private.pri */ = {isa = PBXFileReference; lastKnownFileType = text; path = "/Users/fotor-desktop/Qt5.3.2/5.3/clang_64/mkspecs/modules/qt_lib_multimediawidgets_private.pri"; sourceTree = "<absolute>"; };
		DBF017384A06E2B36E6D663C /* /Users/fotor-desktop/Qt5.3.2/5.3/clang_64/mkspecs/modules/qt_lib_qml_private.pri */ = {isa = PBXFileReference; lastKnownFileType = text; path = "/Users/fotor-desktop/Qt5.3.2/5.3/clang_64/mkspecs/modules/qt_lib_qml_private.pri"; sourceTree = "<absolute>"; };
		DD47C5D4E629EA1B9CABB9D8 /* WebviewContainer.mm */ = {isa = PBXFileReference; lastKnownFileType = sourcecode.cpp.objcpp; name = WebviewContainer.mm; path = ../src/WebviewContainer.mm; sourceTree = "<absolute>"; };
		DDEA12F7CC71AA666A9D5640 /* /Users/fotor-desktop/Qt5.3.2/5.3/clang_64/mkspecs/modules/qt_lib_nfc.pri */ = {isa = PBXFileReference; lastKnownFileType = text; path = "/Users/fotor-desktop/Qt5.3.2/5.3/clang_64/mkspecs/modules/qt_lib_nfc.pri"; sourceTree = "<absolute>"; };
		E21DB7B162E6C1642A15122A /* /Users/fotor-desktop/Qt5.3.2/5.3/clang_64/mkspecs/modules/qt_lib_uitools.pri */ = {isa = PBXFileReference; lastKnownFileType = text; path = "/Users/fotor-desktop/Qt5.3.2/5.3/clang_64/mkspecs/modules/qt_lib_uitools.pri"; sourceTree = "<absolute>"; };
		E449A15936FCC42AB239EF83 /* /Users/fotor-desktop/Qt5.3.2/5.3/clang_64/mkspecs/modules/qt_lib_scripttools.pri */ = {isa = PBXFileReference; lastKnownFileType = text; path = "/Users/fotor-desktop/Qt5.3.2/5.3/clang_64/mkspecs/modules/qt_lib_scripttools.pri"; sourceTree = "<absolute>"; };
		E7D4B260059637C9A0610CD4 /* /Users/fotor-desktop/Qt5.3.2/5.3/clang_64/mkspecs/common/clang.conf */ = {isa = PBXFileReference; lastKnownFileType = text; path = "/Users/fotor-desktop/Qt5.3.2/5.3/clang_64/mkspecs/common/clang.conf"; sourceTree = "<absolute>"; };
		E9638C88C05A61CCC0123573 /* /Users/fotor-desktop/Qt5.3.2/5.3/clang_64/mkspecs/modules/qt_lib_webkitwidgets_private.pri */ = {isa = PBXFileReference; lastKnownFileType = text; path = "/Users/fotor-desktop/Qt5.3.2/5.3/clang_64/mkspecs/modules/qt_lib_webkitwidgets_private.pri"; sourceTree = "<absolute>"; };
		E9C499FE3FEB6089C9E0CC1D /* /Users/fotor-desktop/Qt5.3.2/5.3/clang_64/mkspecs/common/shell-unix.conf */ = {isa = PBXFileReference; lastKnownFileType = text; path = "/Users/fotor-desktop/Qt5.3.2/5.3/clang_64/mkspecs/common/shell-unix.conf"; sourceTree = "<absolute>"; };
		EE60E4AA0DF357A7934C61CB /* TwitterAuthorizeWebview.cpp */ = {isa = PBXFileReference; lastKnownFileType = sourcecode.cpp.cpp; name = TwitterAuthorizeWebview.cpp; path = ../src/TwitterAuthorizeWebview.cpp; sourceTree = "<absolute>"; };
		EF1FE72033E1E1709D0194C9 /* /Users/fotor-desktop/Qt5.3.2/5.3/clang_64/mkspecs/modules/qt_lib_xml_private.pri */ = {isa = PBXFileReference; lastKnownFileType = text; path = "/Users/fotor-desktop/Qt5.3.2/5.3/clang_64/mkspecs/modules/qt_lib_xml_private.pri"; sourceTree = "<absolute>"; };
		F0BFE7B1847849334245BED9 /* moc_WebviewContainer.cpp */ = {isa = PBXFileReference; lastKnownFileType = sourcecode.cpp.cpp; name = moc_WebviewContainer.cpp; path = ../temp/GeneratedFiles/moc_WebviewContainer.cpp; sourceTree = "<absolute>"; };
		F3114297970D6406B575BA2E /* FlickrShareObject.cpp */ = {isa = PBXFileReference; lastKnownFileType = sourcecode.cpp.cpp; name = FlickrShareObject.cpp; path = ../src/FlickrShareObject.cpp; sourceTree = "<absolute>"; };
		F6982BB2B8519675DEFB97C5 /* moc_TwitterShareObject.cpp */ = {isa = PBXFileReference; lastKnownFileType = sourcecode.cpp.cpp; name = moc_TwitterShareObject.cpp; path = ../temp/GeneratedFiles/moc_TwitterShareObject.cpp; sourceTree = "<absolute>"; };
		F79DC0EEE6F8705CFE72993D /* /Users/fotor-desktop/Qt5.3.2/5.3/clang_64/mkspecs/modules/qt_lib_serialport_private.pri */ = {isa = PBXFileReference; lastKnownFileType = text; path = "/Users/fotor-desktop/Qt5.3.2/5.3/clang_64/mkspecs/modules/qt_lib_serialport_private.pri"; sourceTree = "<absolute>"; };
		FB21154CADF02352E7F9ED6A /* /Users/fotor-desktop/Qt5.3.2/5.3/clang_64/mkspecs/modules/qt_lib_bluetooth_private.pri */ = {isa = PBXFileReference; lastKnownFileType = text; path = "/Users/fotor-desktop/Qt5.3.2/5.3/clang_64/mkspecs/modules/qt_lib_bluetooth_private.pri"; sourceTree = "<absolute>"; };
		FC6FBA5E6E0EF7FE9EE28219 /* /Users/fotor-desktop/Qt5.3.2/5.3/clang_64/mkspecs/modules/qt_lib_network.pri */ = {isa = PBXFileReference; lastKnownFileType = text; path = "/Users/fotor-desktop/Qt5.3.2/5.3/clang_64/mkspecs/modules/qt_lib_network.pri"; sourceTree = "<absolute>"; };
		FD8ED126780CDE648EAA7999 /* /Users/fotor-desktop/Qt5.3.2/5.3/clang_64/mkspecs/modules/qt_lib_openglextensions.pri */ = {isa = PBXFileReference; lastKnownFileType = text; path = "/Users/fotor-desktop/Qt5.3.2/5.3/clang_64/mkspecs/modules/qt_lib_openglextensions.pri"; sourceTree = "<absolute>"; };
		FEC43C68FBA4874406C56E6F /* FacebookShareObject.h */ = {isa = PBXFileReference; lastKnownFileType = sourcecode.c.h; name = FacebookShareObject.h; path = ../src/FacebookShareObject.h; sourceTree = "<absolute>"; };
/* End PBXFileReference section */

/* Begin PBXFrameworksBuildPhase section */
		D1C883685E82D5676953459A /* Link Binary With Libraries */ = {
			isa = PBXFrameworksBuildPhase;
			buildActionMask = 2147483647;
			files = (
			);
			name = "Link Binary With Libraries";
			runOnlyForDeploymentPostprocessing = 0;
		};
/* End PBXFrameworksBuildPhase section */

/* Begin PBXGroup section */
		25B08E2869634E9BCBA333A2 /* Generated Sources */ = {
			isa = PBXGroup;
			children = (
				FBBBE74D26115E371D1C9896 /* .. */,
			);
			name = "Generated Sources";
			sourceTree = "<Group>";
		};
		2EB56BE3C2D93CDAB0C52E67 /* Sources */ = {
			isa = PBXGroup;
			children = (
				5ADDF1BA7F6260E6AA5739ED /* .. */,
			);
			name = Sources;
			sourceTree = "<Group>";
		};
		328C86AACB3AF87F1CDE3355 /* src */ = {
			isa = PBXGroup;
			children = (
				31E79178E719916B95D05109 /* AuthorizeWebviewBase.cpp */,
				CDAC3FB5A3257AB2D1A1D9B9 /* FaceBookAuthorizeWebview.cpp */,
				44B76498D21DAC355ABBC7A6 /* FacebookShare.cpp */,
				57347C50CFE1D9C30F5DD554 /* FacebookShareObject.cpp */,
				3F52C78AE34C05CF97FE065D /* FlickrAuthorizeWebview.cpp */,
				8A51F488A36E45E60489F644 /* FlickrShare.cpp */,
				F3114297970D6406B575BA2E /* FlickrShareObject.cpp */,
				738C233F8E98C33A9BFB10F3 /* IWebviewStyle.cpp */,
				5E4AB5CAEE2A2781F636735B /* NetworkReplyTempObjManager.cpp */,
				05A2213CEDB230ECCE5DA964 /* ShareFrameBase.cpp */,
				29C40803D3923149755A8FA5 /* SharePublicFuncDefine.cpp */,
				86B7D24A6195CF6B3341718A /* ShareStructDefine.cpp */,
				EE60E4AA0DF357A7934C61CB /* TwitterAuthorizeWebview.cpp */,
				604C1240225156DD476C654C /* TwitterShare.cpp */,
				682E643BC1CF1FAB40AEAD8F /* TwitterShareObject.cpp */,
				6BD821AB305D568114ECA750 /* AuthorizeWebviewBase.h */,
				842337A248549A71E0D04F48 /* call_once.h */,
				9AC4D9A3F0257543E6E7AE8D /* FaceBookAuthorizeWebview.h */,
				FEC43C68FBA4874406C56E6F /* FacebookShareObject.h */,
				6E7BF6D342F2A0E6E50EEB8A /* FlickrAuthorizeWebview.h */,
				C11EB1548703EFFAE5A207A3 /* FlickrShareObject.h */,
				BEBA54FD090F74208638FA22 /* qsingleton.h */,
				D112929F055FE947A8EA6D11 /* TwitterAuthorizeWebview.h */,
				406A527FC4BD7D15B9E581C8 /* TwitterShareObject.h */,
				4BA83A78D95429261F58CFD2 /* CNotifyWebView.h */,
				DD47C5D4E629EA1B9CABB9D8 /* WebviewContainer.mm */,
				48509C8581E3ADFE271D9EDD /* CNotifyWebView.mm */,
			);
			name = src;
			sourceTree = "<Group>";
		};
		3B6EAE09339C416994800785 /* temp */ = {
			isa = PBXGroup;
			children = (
				691EBD239D12287267A30ADC /* GeneratedFiles */,
			);
			name = temp;
			sourceTree = "<Group>";
		};
		51DF67496040371153CF69E8 /* Include */ = {
			isa = PBXGroup;
			children = (
				20860B2D8030CC6A67FD0415 /* FacebookShare.h */,
				1438FA659BD15307D38D0F90 /* FlickrShare.h */,
				D529F0AABAFEBFAC8E491957 /* IWebviewContainer.h */,
				74A5185038C425DDF504BBDB /* IWebviewStyle.h */,
				8CDAA69F1AA7915CD4AE6296 /* NetworkReplyTempObjManager.h */,
				B7A919FFD3A159AE52C88C89 /* ShareFrameBase.h */,
				91C074250C560E4D9C057AF2 /* ShareMacroDefine.h */,
				D68D131ED0BF3C5CEF8E4825 /* SharePublicFuncDefine.h */,
				45863A045EB187A62C2EEADC /* ShareStructDefine.h */,
				DB2BD2AF99CDDEB0930F2321 /* TwitterShare.h */,
				8487E88C3E621126AF2105BA /* WebviewContainer.h */,
			);
			name = Include;
			sourceTree = "<Group>";
		};
		5ADDF1BA7F6260E6AA5739ED /* .. */ = {
			isa = PBXGroup;
			children = (
				328C86AACB3AF87F1CDE3355 /* src */,
				51DF67496040371153CF69E8 /* Include */,
			);
			name = ..;
			sourceTree = "<Group>";
		};
		691EBD239D12287267A30ADC /* GeneratedFiles */ = {
			isa = PBXGroup;
			children = (
				CA980F4DF7BDAA0FB75F0A75 /* qrc_shareimages.cpp */,
				6BC816C602F6ABCDC7CF26AF /* moc_FacebookShare.cpp */,
				9BD53B2DD869ACF0030D7DDD /* moc_FlickrShare.cpp */,
				A2C3B802801B2942A6FE4CB5 /* moc_NetworkReplyTempObjManager.cpp */,
				366C2235A60C5BB74BECD25B /* moc_ShareFrameBase.cpp */,
				078EEF3C22377CDF1C8B5C11 /* moc_TwitterShare.cpp */,
				F0BFE7B1847849334245BED9 /* moc_WebviewContainer.cpp */,
				305A776BADF02FE6D00B46C5 /* moc_AuthorizeWebviewBase.cpp */,
				022A60EB7FE75BF2801470BE /* moc_FaceBookAuthorizeWebview.cpp */,
				A1E68EBF7688F64D53B2A777 /* moc_FacebookShareObject.cpp */,
				2F18D7DCC53CB20C80A25E4F /* moc_FlickrAuthorizeWebview.cpp */,
				BC384552213BFCC0457FDBCF /* moc_FlickrShareObject.cpp */,
				D12BB5202E3259194704AB9C /* moc_TwitterAuthorizeWebview.cpp */,
				F6982BB2B8519675DEFB97C5 /* moc_TwitterShareObject.cpp */,
			);
			name = GeneratedFiles;
			sourceTree = "<Group>";
		};
		74B182DB50CB5611B5C1C297 /* Supporting Files */ = {
			isa = PBXGroup;
			children = (
				561F44BC0C10C4F4AACF208E /* ShareLib.pro */,
				7C13F8438F5B307C06E0830A /* /Users/fotor-desktop/Qt5.3.2/5.3/clang_64/mkspecs/qdevice.pri */,
				E9C499FE3FEB6089C9E0CC1D /* /Users/fotor-desktop/Qt5.3.2/5.3/clang_64/mkspecs/common/shell-unix.conf */,
				9BE05F4622B8C508484FCD92 /* /Users/fotor-desktop/Qt5.3.2/5.3/clang_64/mkspecs/common/unix.conf */,
				8171E3891365E9332D540EC0 /* /Users/fotor-desktop/Qt5.3.2/5.3/clang_64/mkspecs/common/mac.conf */,
				2F67B562E31511606A6F6896 /* /Users/fotor-desktop/Qt5.3.2/5.3/clang_64/mkspecs/common/macx.conf */,
				D6F72607B1B5CE0FF4D6EC2A /* /Users/fotor-desktop/Qt5.3.2/5.3/clang_64/mkspecs/common/gcc-base.conf */,
				52F0C8ABB3BA92C0C4B066BB /* /Users/fotor-desktop/Qt5.3.2/5.3/clang_64/mkspecs/common/gcc-base-mac.conf */,
				E7D4B260059637C9A0610CD4 /* /Users/fotor-desktop/Qt5.3.2/5.3/clang_64/mkspecs/common/clang.conf */,
				B7622B1B0E908FEEAC40B05E /* /Users/fotor-desktop/Qt5.3.2/5.3/clang_64/mkspecs/common/clang-mac.conf */,
				9D510E8DB70C2F18E03734D1 /* /Users/fotor-desktop/Qt5.3.2/5.3/clang_64/mkspecs/qconfig.pri */,
				C434B6D516071D05718A5AF3 /* /Users/fotor-desktop/Qt5.3.2/5.3/clang_64/mkspecs/modules/qt_lib_bluetooth.pri */,
				FB21154CADF02352E7F9ED6A /* /Users/fotor-desktop/Qt5.3.2/5.3/clang_64/mkspecs/modules/qt_lib_bluetooth_private.pri */,
				CD2746EFB7399DCA00267AFA /* /Users/fotor-desktop/Qt5.3.2/5.3/clang_64/mkspecs/modules/qt_lib_bootstrap_private.pri */,
				7477AC89B5395B05C7C88DF7 /* /Users/fotor-desktop/Qt5.3.2/5.3/clang_64/mkspecs/modules/qt_lib_clucene_private.pri */,
				8C2D03751A3BDC1E0EBE29C3 /* /Users/fotor-desktop/Qt5.3.2/5.3/clang_64/mkspecs/modules/qt_lib_concurrent.pri */,
				721D5A9CFDC4C06A9D56E268 /* /Users/fotor-desktop/Qt5.3.2/5.3/clang_64/mkspecs/modules/qt_lib_concurrent_private.pri */,
				C6CAE0251BB6AF5C603C94A2 /* /Users/fotor-desktop/Qt5.3.2/5.3/clang_64/mkspecs/modules/qt_lib_core.pri */,
				B4B8CB86CFD8E6036161B918 /* /Users/fotor-desktop/Qt5.3.2/5.3/clang_64/mkspecs/modules/qt_lib_core_private.pri */,
				90FD5318BD5E62A1E8455A29 /* /Users/fotor-desktop/Qt5.3.2/5.3/clang_64/mkspecs/modules/qt_lib_dbus.pri */,
				6376FB75B78E6C6BE4A14B5D /* /Users/fotor-desktop/Qt5.3.2/5.3/clang_64/mkspecs/modules/qt_lib_dbus_private.pri */,
				814898DC9B7861AED62474D9 /* /Users/fotor-desktop/Qt5.3.2/5.3/clang_64/mkspecs/modules/qt_lib_declarative.pri */,
				C8040A6C57BCA1FD745DE7AC /* /Users/fotor-desktop/Qt5.3.2/5.3/clang_64/mkspecs/modules/qt_lib_declarative_private.pri */,
				31B71E383CDBC29A8394B0D4 /* /Users/fotor-desktop/Qt5.3.2/5.3/clang_64/mkspecs/modules/qt_lib_designer.pri */,
				923A830EA600B167228EAC12 /* /Users/fotor-desktop/Qt5.3.2/5.3/clang_64/mkspecs/modules/qt_lib_designer_private.pri */,
				DAF2EF147628F4A16C5F2C8F /* /Users/fotor-desktop/Qt5.3.2/5.3/clang_64/mkspecs/modules/qt_lib_designercomponents_private.pri */,
				58D2A62B3CFAD8AA561962F3 /* /Users/fotor-desktop/Qt5.3.2/5.3/clang_64/mkspecs/modules/qt_lib_enginio.pri */,
				43FDD9A9929142D85824A82D /* /Users/fotor-desktop/Qt5.3.2/5.3/clang_64/mkspecs/modules/qt_lib_enginio_private.pri */,
				3C642F4150A90DAE68710190 /* /Users/fotor-desktop/Qt5.3.2/5.3/clang_64/mkspecs/modules/qt_lib_gui.pri */,
				43CAC7ADCB65051370DB3CA2 /* /Users/fotor-desktop/Qt5.3.2/5.3/clang_64/mkspecs/modules/qt_lib_gui_private.pri */,
				4586F4A4B8F91A47420E3213 /* /Users/fotor-desktop/Qt5.3.2/5.3/clang_64/mkspecs/modules/qt_lib_help.pri */,
				4A7F7567236E2BB5C14C5E9F /* /Users/fotor-desktop/Qt5.3.2/5.3/clang_64/mkspecs/modules/qt_lib_help_private.pri */,
				0062E4C96776620D1F044EDB /* /Users/fotor-desktop/Qt5.3.2/5.3/clang_64/mkspecs/modules/qt_lib_macextras.pri */,
				6086DB58B1AB3E89DB29FF11 /* /Users/fotor-desktop/Qt5.3.2/5.3/clang_64/mkspecs/modules/qt_lib_macextras_private.pri */,
				B72FA72B160075CEDFAE7157 /* /Users/fotor-desktop/Qt5.3.2/5.3/clang_64/mkspecs/modules/qt_lib_multimedia.pri */,
				3996B14978EF8CC1670F23F9 /* /Users/fotor-desktop/Qt5.3.2/5.3/clang_64/mkspecs/modules/qt_lib_multimedia_private.pri */,
				CF0D66C820A7081D9CF39409 /* /Users/fotor-desktop/Qt5.3.2/5.3/clang_64/mkspecs/modules/qt_lib_multimediawidgets.pri */,
				DB5BDE498C549FEF3AB4B93F /* /Users/fotor-desktop/Qt5.3.2/5.3/clang_64/mkspecs/modules/qt_lib_multimediawidgets_private.pri */,
				FC6FBA5E6E0EF7FE9EE28219 /* /Users/fotor-desktop/Qt5.3.2/5.3/clang_64/mkspecs/modules/qt_lib_network.pri */,
				0E330DD046535715C56D680C /* /Users/fotor-desktop/Qt5.3.2/5.3/clang_64/mkspecs/modules/qt_lib_network_private.pri */,
				DDEA12F7CC71AA666A9D5640 /* /Users/fotor-desktop/Qt5.3.2/5.3/clang_64/mkspecs/modules/qt_lib_nfc.pri */,
				8C053B9D56BD97136C63D512 /* /Users/fotor-desktop/Qt5.3.2/5.3/clang_64/mkspecs/modules/qt_lib_nfc_private.pri */,
				8710066BBAE48F1F90263336 /* /Users/fotor-desktop/Qt5.3.2/5.3/clang_64/mkspecs/modules/qt_lib_opengl.pri */,
				26F58C4BFB89090C85CE745C /* /Users/fotor-desktop/Qt5.3.2/5.3/clang_64/mkspecs/modules/qt_lib_opengl_private.pri */,
				FD8ED126780CDE648EAA7999 /* /Users/fotor-desktop/Qt5.3.2/5.3/clang_64/mkspecs/modules/qt_lib_openglextensions.pri */,
				852B21ECBE2E6753843D8647 /* /Users/fotor-desktop/Qt5.3.2/5.3/clang_64/mkspecs/modules/qt_lib_openglextensions_private.pri */,
				0A3020A356F2AED9CCB95410 /* /Users/fotor-desktop/Qt5.3.2/5.3/clang_64/mkspecs/modules/qt_lib_platformsupport_private.pri */,
				5AD9010CA1C9DCABE2711073 /* /Users/fotor-desktop/Qt5.3.2/5.3/clang_64/mkspecs/modules/qt_lib_positioning.pri */,
				9862686286D1F3926C49D62D /* /Users/fotor-desktop/Qt5.3.2/5.3/clang_64/mkspecs/modules/qt_lib_positioning_private.pri */,
				C916D33FBF5E3FE0B7382D73 /* /Users/fotor-desktop/Qt5.3.2/5.3/clang_64/mkspecs/modules/qt_lib_printsupport.pri */,
				CDC055911B16BBBADA9927A4 /* /Users/fotor-desktop/Qt5.3.2/5.3/clang_64/mkspecs/modules/qt_lib_printsupport_private.pri */,
				995436FF8C3B40E528B225FF /* /Users/fotor-desktop/Qt5.3.2/5.3/clang_64/mkspecs/modules/qt_lib_qml.pri */,
				DBF017384A06E2B36E6D663C /* /Users/fotor-desktop/Qt5.3.2/5.3/clang_64/mkspecs/modules/qt_lib_qml_private.pri */,
				B179939CA61B07DC2BC14FA2 /* /Users/fotor-desktop/Qt5.3.2/5.3/clang_64/mkspecs/modules/qt_lib_qmldevtools_private.pri */,
				B886C88FFF920D6077F37189 /* /Users/fotor-desktop/Qt5.3.2/5.3/clang_64/mkspecs/modules/qt_lib_qmltest.pri */,
				77F2BB739CA626F166DCA8E0 /* /Users/fotor-desktop/Qt5.3.2/5.3/clang_64/mkspecs/modules/qt_lib_qmltest_private.pri */,
				10DECD361234980E90C08EF6 /* /Users/fotor-desktop/Qt5.3.2/5.3/clang_64/mkspecs/modules/qt_lib_qtmultimediaquicktools_private.pri */,
				2D45CA4CE678DA1DD2514356 /* /Users/fotor-desktop/Qt5.3.2/5.3/clang_64/mkspecs/modules/qt_lib_quick.pri */,
				B70AA621B9E74E251E4E75D3 /* /Users/fotor-desktop/Qt5.3.2/5.3/clang_64/mkspecs/modules/qt_lib_quick_private.pri */,
				A24623E638DAC1581C21279A /* /Users/fotor-desktop/Qt5.3.2/5.3/clang_64/mkspecs/modules/qt_lib_quickparticles_private.pri */,
				218E8C5D597B94624A6F6501 /* /Users/fotor-desktop/Qt5.3.2/5.3/clang_64/mkspecs/modules/qt_lib_quickwidgets.pri */,
				09E0128AB7580BF9D5FB3475 /* /Users/fotor-desktop/Qt5.3.2/5.3/clang_64/mkspecs/modules/qt_lib_quickwidgets_private.pri */,
				8FFC34410790018C8E34C023 /* /Users/fotor-desktop/Qt5.3.2/5.3/clang_64/mkspecs/modules/qt_lib_script.pri */,
				855BDAF93710C64CA0C50731 /* /Users/fotor-desktop/Qt5.3.2/5.3/clang_64/mkspecs/modules/qt_lib_script_private.pri */,
				E449A15936FCC42AB239EF83 /* /Users/fotor-desktop/Qt5.3.2/5.3/clang_64/mkspecs/modules/qt_lib_scripttools.pri */,
				747FBE8CCA0CCD63D5CEF473 /* /Users/fotor-desktop/Qt5.3.2/5.3/clang_64/mkspecs/modules/qt_lib_scripttools_private.pri */,
				61C30A51BE4FB593A679F10E /* /Users/fotor-desktop/Qt5.3.2/5.3/clang_64/mkspecs/modules/qt_lib_sensors.pri */,
				7D2D0247F21D1E800856DE89 /* /Users/fotor-desktop/Qt5.3.2/5.3/clang_64/mkspecs/modules/qt_lib_sensors_private.pri */,
				7692EC673A3A07ED71941174 /* /Users/fotor-desktop/Qt5.3.2/5.3/clang_64/mkspecs/modules/qt_lib_serialport.pri */,
				F79DC0EEE6F8705CFE72993D /* /Users/fotor-desktop/Qt5.3.2/5.3/clang_64/mkspecs/modules/qt_lib_serialport_private.pri */,
				CFB5190C97CFDF9210454672 /* /Users/fotor-desktop/Qt5.3.2/5.3/clang_64/mkspecs/modules/qt_lib_sql.pri */,
				A32048B6FAF0362F7E3B93C9 /* /Users/fotor-desktop/Qt5.3.2/5.3/clang_64/mkspecs/modules/qt_lib_sql_private.pri */,
				2CFCD60B8BF0203FB2585F76 /* /Users/fotor-desktop/Qt5.3.2/5.3/clang_64/mkspecs/modules/qt_lib_svg.pri */,
				C0D0AA4B116D3E7910744C81 /* /Users/fotor-desktop/Qt5.3.2/5.3/clang_64/mkspecs/modules/qt_lib_svg_private.pri */,
				50B6A97C65217C82783C58E0 /* /Users/fotor-desktop/Qt5.3.2/5.3/clang_64/mkspecs/modules/qt_lib_testlib.pri */,
				CDCDA5D2D0B3335F32FC7F84 /* /Users/fotor-desktop/Qt5.3.2/5.3/clang_64/mkspecs/modules/qt_lib_testlib_private.pri */,
				E21DB7B162E6C1642A15122A /* /Users/fotor-desktop/Qt5.3.2/5.3/clang_64/mkspecs/modules/qt_lib_uitools.pri */,
				3EA6A934F657C68594DDDD3A /* /Users/fotor-desktop/Qt5.3.2/5.3/clang_64/mkspecs/modules/qt_lib_uitools_private.pri */,
				5530E0970F1C71D92548EA8E /* /Users/fotor-desktop/Qt5.3.2/5.3/clang_64/mkspecs/modules/qt_lib_webkit.pri */,
				30FD1BD819DF7576962E60F3 /* /Users/fotor-desktop/Qt5.3.2/5.3/clang_64/mkspecs/modules/qt_lib_webkit_private.pri */,
				D94CFAC73348B83D580DFC23 /* /Users/fotor-desktop/Qt5.3.2/5.3/clang_64/mkspecs/modules/qt_lib_webkitwidgets.pri */,
				E9638C88C05A61CCC0123573 /* /Users/fotor-desktop/Qt5.3.2/5.3/clang_64/mkspecs/modules/qt_lib_webkitwidgets_private.pri */,
				5429FBC06A9A522B2806F6EE /* /Users/fotor-desktop/Qt5.3.2/5.3/clang_64/mkspecs/modules/qt_lib_websockets.pri */,
				DA3D75A6326F5DFD4FD140C1 /* /Users/fotor-desktop/Qt5.3.2/5.3/clang_64/mkspecs/modules/qt_lib_websockets_private.pri */,
				5D5C934EB013E94E3F043811 /* /Users/fotor-desktop/Qt5.3.2/5.3/clang_64/mkspecs/modules/qt_lib_widgets.pri */,
				49CDE850FB268F8A83B5DB72 /* /Users/fotor-desktop/Qt5.3.2/5.3/clang_64/mkspecs/modules/qt_lib_widgets_private.pri */,
				BF94AAECEC8BAA5331081A8A /* /Users/fotor-desktop/Qt5.3.2/5.3/clang_64/mkspecs/modules/qt_lib_xml.pri */,
				EF1FE72033E1E1709D0194C9 /* /Users/fotor-desktop/Qt5.3.2/5.3/clang_64/mkspecs/modules/qt_lib_xml_private.pri */,
				AFBFDA53B767E83EB02DFA65 /* /Users/fotor-desktop/Qt5.3.2/5.3/clang_64/mkspecs/modules/qt_lib_xmlpatterns.pri */,
				324B47399C7B045756CF698E /* /Users/fotor-desktop/Qt5.3.2/5.3/clang_64/mkspecs/modules/qt_lib_xmlpatterns_private.pri */,
				76B4BD2268247ED69312056E /* /Users/fotor-desktop/Qt5.3.2/5.3/clang_64/mkspecs/macx-clang/qmake.conf */,
				32C51D93180FB16B8294AFB8 /* /Users/fotor-desktop/Qt5.3.2/5.3/clang_64/mkspecs/macx-xcode/qmake.conf */,
				AB745978DF0F41D1801ABDA6 /* .qmake.stash */,
				A3E1AA9917EC82D3446C262A /* .. */,
			);
			name = "Supporting Files";
			sourceTree = "<Group>";
		};
		87DF60DE337FB58864343E39 /* Resources */ = {
			isa = PBXGroup;
			children = (
				8DFAB9C8B16410B121704055 /* .. */,
			);
			name = Resources;
			sourceTree = "<Group>";
		};
		8DFAB9C8B16410B121704055 /* .. */ = {
			isa = PBXGroup;
			children = (
				84E896A0C96467383C5FCA78 /* shareimages.qrc */,
			);
			name = ..;
			sourceTree = "<Group>";
		};
		A3E1AA9917EC82D3446C262A /* .. */ = {
			isa = PBXGroup;
			children = (
			);
			name = ..;
			sourceTree = "<Group>";
		};
		E8C543AB96796ECAA2E65C57 /* ShareLib */ = {
			isa = PBXGroup;
			children = (
				2EB56BE3C2D93CDAB0C52E67 /* Sources */,
				25B08E2869634E9BCBA333A2 /* Generated Sources */,
				74B182DB50CB5611B5C1C297 /* Supporting Files */,
				87DF60DE337FB58864343E39 /* Resources */,
				FE0A091FDBFB3E9C31B7A1BD /* Products */,
			);
			name = ShareLib;
			sourceTree = "<Group>";
		};
		FBBBE74D26115E371D1C9896 /* .. */ = {
			isa = PBXGroup;
			children = (
				3B6EAE09339C416994800785 /* temp */,
			);
			name = ..;
			sourceTree = "<Group>";
		};
		FE0A091FDBFB3E9C31B7A1BD /* Products */ = {
			isa = PBXGroup;
			children = (
				218FFF8A0F78968C4E3F9B63 /* libShareLib.a */,
			);
			name = Products;
			sourceTree = "<Group>";
		};
/* End PBXGroup section */

/* Begin PBXNativeTarget section */
		6F65475224F3ABEB0C644EBB /* ShareLib */ = {
			isa = PBXNativeTarget;
			buildConfigurationList = 6CC3B5D2136C7CD6A5CF5A59 /* Build configuration list for PBXNativeTarget "ShareLib" */;
			buildPhases = (
				F7E50F631C51CD5B5DC0BC43 /* Compile Sources */,
				D1C883685E82D5676953459A /* Link Binary With Libraries */,
			);
			buildRules = (
			);
			dependencies = (
				5DD458633FA5C13AB319B354 /* PBXTargetDependency */,
			);
			name = ShareLib;
			productName = ShareLib;
			productReference = 218FFF8A0F78968C4E3F9B63 /* libShareLib.a */;
			productType = "com.apple.product-type.library.static";
		};
/* End PBXNativeTarget section */

/* Begin PBXProject section */
		6DB9C3763D02B1415CD9D565 /* Project object */ = {
			isa = PBXProject;
			attributes = {
			};
			buildConfigurationList = DAC4C1AA5EDEA1C85E9CA5E6 /* Build configuration list for PBXProject "ShareLib" */;
			compatibilityVersion = "Xcode 3.2";
			developmentRegion = English;
			hasScannedForEncodings = 1;
			knownRegions = (
				en,
			);
			mainGroup = E8C543AB96796ECAA2E65C57 /* ShareLib */;
			productRefGroup = FE0A091FDBFB3E9C31B7A1BD /* Products */;
			projectDirPath = "";
			projectRoot = "";
			targets = (
				6F65475224F3ABEB0C644EBB /* ShareLib */,
				090AE8792606FBE987762C9B /* Qt Preprocess */,
			);
		};
/* End PBXProject section */

/* Begin PBXShellScriptBuildPhase section */
		5E618435888B9D49F8540165 /* Qt Qmake */ = {
			isa = PBXShellScriptBuildPhase;
			buildActionMask = 2147483647;
			files = (
			);
			name = "Qt Qmake";
			runOnlyForDeploymentPostprocessing = 0;
			shellPath = /bin/sh;
			shellScript = "make -C /Volumes/Mac/Users/new/work_sources/ShareLib/macos -f ShareLib.xcodeproj/qt_makeqmake.mak";
		};
		7EF0942E79C014DCEC8976BC /* Qt Preprocessors */ = {
			isa = PBXShellScriptBuildPhase;
			buildActionMask = 2147483647;
			files = (
			);
			name = "Qt Preprocessors";
			runOnlyForDeploymentPostprocessing = 0;
			shellPath = /bin/sh;
			shellScript = "make -C /Volumes/Mac/Users/new/work_sources/ShareLib/macos -f ShareLib.xcodeproj/qt_preprocess.mak";
		};
/* End PBXShellScriptBuildPhase section */

/* Begin PBXSourcesBuildPhase section */
		F7E50F631C51CD5B5DC0BC43 /* Compile Sources */ = {
			isa = PBXSourcesBuildPhase;
			buildActionMask = 2147483647;
			files = (
				9D468EF75F1AD0D7FFDBAF5E /* AuthorizeWebviewBase.cpp in Compile Sources */,
				C4EF5F1ABF2D51F649504B7E /* FaceBookAuthorizeWebview.cpp in Compile Sources */,
				91F12C701EC9FAF03B953055 /* FacebookShare.cpp in Compile Sources */,
				4355C51216873FF82DFACB4E /* FacebookShareObject.cpp in Compile Sources */,
				6B89482AA93486B8D31DA0C6 /* FlickrAuthorizeWebview.cpp in Compile Sources */,
				48419C6EA95E5011D69B604F /* FlickrShare.cpp in Compile Sources */,
				5CE23C3FB31B5E5301F3F310 /* FlickrShareObject.cpp in Compile Sources */,
				8D799397C29947929FAE0407 /* IWebviewStyle.cpp in Compile Sources */,
				9FBC21222493ACD2D2829021 /* NetworkReplyTempObjManager.cpp in Compile Sources */,
				D5DD6C8186EF40C5CFBBFE3E /* ShareFrameBase.cpp in Compile Sources */,
				CAFC76850B8D6B7AEB87350E /* SharePublicFuncDefine.cpp in Compile Sources */,
				1E7EEAE75D76657139667813 /* ShareStructDefine.cpp in Compile Sources */,
				5A0D499E63EC4727A47C64A5 /* TwitterAuthorizeWebview.cpp in Compile Sources */,
				EC5C977A6FDE959FD63E2B62 /* TwitterShare.cpp in Compile Sources */,
				57BB02A097D489B471D91EE8 /* TwitterShareObject.cpp in Compile Sources */,
				9436BDB411A37DC5E9345CB4 /* qrc_shareimages.cpp in Compile Sources */,
				C610592C53BE568016B76636 /* moc_FacebookShare.cpp in Compile Sources */,
				CDE476C2339C92801CC5E172 /* moc_FlickrShare.cpp in Compile Sources */,
				ACB377B7B7A85D6F4EE68170 /* moc_NetworkReplyTempObjManager.cpp in Compile Sources */,
				5305FF800603DB09282430B5 /* moc_ShareFrameBase.cpp in Compile Sources */,
				A41E06490581F6B06C5AC4BC /* moc_TwitterShare.cpp in Compile Sources */,
				216AF9B45B53374B87C30A0F /* moc_WebviewContainer.cpp in Compile Sources */,
				30362035FDD538DE9EA08FAA /* moc_AuthorizeWebviewBase.cpp in Compile Sources */,
				608C8FA815797CAE54A5ED2E /* moc_FaceBookAuthorizeWebview.cpp in Compile Sources */,
				F5311C9C84658672CB42B063 /* moc_FacebookShareObject.cpp in Compile Sources */,
				E84FDBAADE6F274A7806A50F /* moc_FlickrAuthorizeWebview.cpp in Compile Sources */,
				16CD23CED8C6FB45582FB943 /* moc_FlickrShareObject.cpp in Compile Sources */,
				68CE8254918E1EF2F2BEF2D1 /* moc_TwitterAuthorizeWebview.cpp in Compile Sources */,
				6F63AA989540FA7D30A89C35 /* moc_TwitterShareObject.cpp in Compile Sources */,
				B5D784DC5210EC963BC42B6B /* WebviewContainer.mm in Compile Sources */,
				AB8DC46DB3EC778BB7D8A831 /* CNotifyWebView.mm in Compile Sources */,
			);
			name = "Compile Sources";
			runOnlyForDeploymentPostprocessing = 0;
		};
/* End PBXSourcesBuildPhase section */

/* Begin PBXTargetDependency section */
		5DD458633FA5C13AB319B354 /* PBXTargetDependency */ = {
			isa = PBXTargetDependency;
			target = 090AE8792606FBE987762C9B /* Qt Preprocess */;
			targetProxy = A884DE091C0E96E6007EFB8C /* PBXContainerItemProxy */;
		};
/* End PBXTargetDependency section */

/* Begin XCBuildConfiguration section */
		339EE1B2CC4FC24589A0EA95 /* Release */ = {
			isa = XCBuildConfiguration;
			buildSettings = {
				ARCHS = x86_64;
				CC = /Applications/Xcode.app/Contents/Developer/Toolchains/XcodeDefault.xctoolchain/usr/bin/clang;
				COPY_PHASE_STRIP = YES;
				DYLIB_COMPATIBILITY_VERSION = 1.0;
				DYLIB_CURRENT_VERSION = 1.0.0;
				FRAMEWORK_SEARCH_PATHS = "/Users/fotor-desktop/Qt5.3.2/5.3/clang_64/lib";
				GCC_GENERATE_DEBUGGING_SYMBOLS = NO;
				GCC_VERSION = com.apple.compilers.llvm.clang.1_0;
				HEADER_SEARCH_PATHS = (
					../Include,
					"/Users/fotor-desktop/Qt5.3.2/5.3/clang_64/lib/QtGui.framework/Versions/5/Headers",
					"/Users/fotor-desktop/Qt5.3.2/5.3/clang_64/lib/QtCore.framework/Versions/5/Headers",
					../temp/GeneratedFiles,
					/Applications/Xcode.app/Contents/Developer/Platforms/MacOSX.platform/Developer/SDKs/MacOSX10.10.sdk/System/Library/Frameworks/OpenGL.framework/Versions/A/Headers,
					/Applications/Xcode.app/Contents/Developer/Platforms/MacOSX.platform/Developer/SDKs/MacOSX10.10.sdk/System/Library/Frameworks/AGL.framework/Headers,
					"/Users/fotor-desktop/Qt5.3.2/5.3/clang_64/mkspecs/macx-clang",
				);
				INSTALL_PATH = "";
				LDPLUSPLUS = "/Applications/Xcode.app/Contents/Developer/Toolchains/XcodeDefault.xctoolchain/usr/bin/clang++";
				LIBRARY_SEARCH_PATHS = "";
				MACOSX_DEPLOYMENT_TARGET = 10.6;
				OTHER_CFLAGS = (
					"-pipe",
					"-O2",
					"-fPIC",
					"-Wall",
					"-W",
					"-DQT_NO_DEBUG",
					"-DQT_GUI_LIB",
					"-DQT_CORE_LIB",
				);
				OTHER_CPLUSPLUSFLAGS = (
					"-pipe",
					"-O2",
					"-fPIC",
					"-Wall",
					"-W",
					"-DQT_NO_DEBUG",
					"-DQT_GUI_LIB",
					"-DQT_CORE_LIB",
				);
				PRODUCT_NAME = ShareLib;
				QT_LIBRARY_SUFFIX = "";
				SDKROOT = macosx10.10;
				SYMROOT = /Volumes/Mac/Users/new/work_sources/ShareLib/macos;
			};
			name = Release;
		};
		3AA6C32AC930069E80220CF1 /* Debug */ = {
			isa = XCBuildConfiguration;
			buildSettings = {
				ARCHS = x86_64;
				CC = /Applications/Xcode.app/Contents/Developer/Toolchains/XcodeDefault.xctoolchain/usr/bin/clang;
				COPY_PHASE_STRIP = NO;
				DYLIB_COMPATIBILITY_VERSION = 1.0;
				DYLIB_CURRENT_VERSION = 1.0.0;
				FRAMEWORK_SEARCH_PATHS = "/Users/fotor-desktop/Qt5.3.2/5.3/clang_64/lib";
				GCC_GENERATE_DEBUGGING_SYMBOLS = YES;
				GCC_OPTIMIZATION_LEVEL = 0;
				GCC_VERSION = com.apple.compilers.llvm.clang.1_0;
				HEADER_SEARCH_PATHS = (
					../Include,
					"/Users/fotor-desktop/Qt5.3.2/5.3/clang_64/lib/QtGui.framework/Versions/5/Headers",
					"/Users/fotor-desktop/Qt5.3.2/5.3/clang_64/lib/QtCore.framework/Versions/5/Headers",
					../temp/GeneratedFiles,
					/Applications/Xcode.app/Contents/Developer/Platforms/MacOSX.platform/Developer/SDKs/MacOSX10.10.sdk/System/Library/Frameworks/OpenGL.framework/Versions/A/Headers,
					/Applications/Xcode.app/Contents/Developer/Platforms/MacOSX.platform/Developer/SDKs/MacOSX10.10.sdk/System/Library/Frameworks/AGL.framework/Headers,
					"/Users/fotor-desktop/Qt5.3.2/5.3/clang_64/mkspecs/macx-clang",
				);
				INSTALL_PATH = "";
				LDPLUSPLUS = "/Applications/Xcode.app/Contents/Developer/Toolchains/XcodeDefault.xctoolchain/usr/bin/clang++";
				LIBRARY_SEARCH_PATHS = "";
				MACOSX_DEPLOYMENT_TARGET = 10.6;
				OTHER_CFLAGS = (
					"-pipe",
					"-O2",
					"-fPIC",
					"-Wall",
					"-W",
					"-DQT_NO_DEBUG",
					"-DQT_GUI_LIB",
					"-DQT_CORE_LIB",
				);
				OTHER_CPLUSPLUSFLAGS = (
					"-pipe",
					"-O2",
					"-fPIC",
					"-Wall",
					"-W",
					"-DQT_NO_DEBUG",
					"-DQT_GUI_LIB",
					"-DQT_CORE_LIB",
				);
				PRODUCT_NAME = ShareLib;
				QT_LIBRARY_SUFFIX = _debug;
				SDKROOT = macosx10.10;
				SYMROOT = /Volumes/Mac/Users/new/work_sources/ShareLib/macos;
			};
			name = Debug;
		};
		6666AA5E688052234F6758D8 /* Release */ = {
			isa = XCBuildConfiguration;
			buildSettings = {
				CONFIGURATION_BUILD_DIR = "$(BUILD_DIR)/../lib/mac/release";
				COPY_PHASE_STRIP = YES;
				GCC_GENERATE_DEBUGGING_SYMBOLS = NO;
				LIBRARY_STYLE = STATIC;
				PRODUCT_NAME = ShareLib;
				QT_LIBRARY_SUFFIX = "";
				SDKROOT = macosx10.10;
			};
			name = Release;
		};
		77418F46922677BB04ED38DD /* Debug */ = {
			isa = XCBuildConfiguration;
			buildSettings = {
				CONFIGURATION_BUILD_DIR = "$(BUILD_DIR)/../lib/mac/debug";
				COPY_PHASE_STRIP = NO;
				GCC_GENERATE_DEBUGGING_SYMBOLS = YES;
				GCC_OPTIMIZATION_LEVEL = 0;
				LIBRARY_STYLE = STATIC;
				PRODUCT_NAME = ShareLib;
				QT_LIBRARY_SUFFIX = _debug;
				SDKROOT = macosx10.10;
			};
			name = Debug;
		};
/* End XCBuildConfiguration section */

/* Begin XCConfigurationList section */
		6CC3B5D2136C7CD6A5CF5A59 /* Build configuration list for PBXNativeTarget "ShareLib" */ = {
			isa = XCConfigurationList;
			buildConfigurations = (
				77418F46922677BB04ED38DD /* Debug */,
				6666AA5E688052234F6758D8 /* Release */,
			);
			defaultConfigurationIsVisible = 0;
			defaultConfigurationName = Release;
		};
		DAC4C1AA5EDEA1C85E9CA5E6 /* Build configuration list for PBXProject "ShareLib" */ = {
			isa = XCConfigurationList;
			buildConfigurations = (
				3AA6C32AC930069E80220CF1 /* Debug */,
				339EE1B2CC4FC24589A0EA95 /* Release */,
			);
			defaultConfigurationIsVisible = 0;
			defaultConfigurationName = Release;
		};
/* End XCConfigurationList section */
	};
	rootObject = 6DB9C3763D02B1415CD9D565 /* Project object */;
}
